// !$*UTF8*$!
{
	archiveVersion = 1;
	classes = {
	};
	objectVersion = 77;
	objects = {

/* Begin PBXBuildFile section */
		03C78E4C2D38E04E8AB87698 /* DataStore+Accounting.swift in Sources */ = {isa = PBXBuildFile; fileRef = 3575D41E0A72538404C83423 /* DataStore+Accounting.swift */; };
		058AB4BEC47177E78A830525 /* NotificationSettingsView.swift in Sources */ = {isa = PBXBuildFile; fileRef = 34972547443B4D43E57421DF /* NotificationSettingsView.swift */; };
		0854DAFC0FED5D4D01E0C9CA /* AccountingReportServiceTests.swift in Sources */ = {isa = PBXBuildFile; fileRef = D85A7C833F25E01DEEF74A6A /* AccountingReportServiceTests.swift */; };
		0A04B4422D6E2850DD6521E5 /* DepreciationScheduleBuilder.swift in Sources */ = {isa = PBXBuildFile; fileRef = 066DCD3F546D9686B73B0175 /* DepreciationScheduleBuilder.swift */; };
		0BA78C4A0E7322705FB4E292 /* JournalDetailView.swift in Sources */ = {isa = PBXBuildFile; fileRef = A26A9A40B78F9BD54A7D0A3B /* JournalDetailView.swift */; };
		10C3BD6924BF0CE9DC7FD07D /* PPAccountingProfileTests.swift in Sources */ = {isa = PBXBuildFile; fileRef = 792A2D7C114938078C2AA7E7 /* PPAccountingProfileTests.swift */; };
		13B331FCA855B8C13ECAE210 /* DataStoreSummaryTests.swift in Sources */ = {isa = PBXBuildFile; fileRef = 5532FFAAEC276A9776BB1855 /* DataStoreSummaryTests.swift */; };
		152BCD72F73B7FF8FF2DB2A0 /* YearLockTests.swift in Sources */ = {isa = PBXBuildFile; fileRef = 93E54EDD1D1AA5F7F78EE06F /* YearLockTests.swift */; };
		15C3406EAD1EA893B08CE120 /* ContentView.swift in Sources */ = {isa = PBXBuildFile; fileRef = B268E6040466082E8728F32F /* ContentView.swift */; };
		1617D74CAEE6D12F5D060246 /* ProfitLossView.swift in Sources */ = {isa = PBXBuildFile; fileRef = 162701FC3C7E121720D50BF0 /* ProfitLossView.swift */; };
		16F3EC7043FFF8EA2A120A9D /* ClassificationDictionary.json in Resources */ = {isa = PBXBuildFile; fileRef = FF9988639C5530093B18A96C /* ClassificationDictionary.json */; };
		176885F5C57800B1A3B765D3 /* ClassificationLearningServiceTests.swift in Sources */ = {isa = PBXBuildFile; fileRef = 1F1FF5929497BB0814139068 /* ClassificationLearningServiceTests.swift */; };
		1B2EF17F93ECE69AAF4669A5 /* DataStore.swift in Sources */ = {isa = PBXBuildFile; fileRef = 610093EB192F615E97AD0958 /* DataStore.swift */; };
		1D31A4FDC8B629D7A039AA80 /* TaxYearDefinitionLoaderTests.swift in Sources */ = {isa = PBXBuildFile; fileRef = 3A13C0560EA3E79F5A8D8CAE /* TaxYearDefinitionLoaderTests.swift */; };
		1D77147F4EB78C57378D8B67 /* Models.swift in Sources */ = {isa = PBXBuildFile; fileRef = 98FA3127B4B30EDEAE075140 /* Models.swift */; };
		20859FD1817416822B24AEC4 /* JournalValidationService.swift in Sources */ = {isa = PBXBuildFile; fileRef = 939B4BB233225EA40BDF5E4F /* JournalValidationService.swift */; };
		20D70E4108CF27C3CE363F91 /* DataStoreCRUDTests.swift in Sources */ = {isa = PBXBuildFile; fileRef = D20ACAF3A2BDB69B0CE28F02 /* DataStoreCRUDTests.swift */; };
		A1D6E4C2B9F04A1C8D7E6F53 /* DataStoreInventoryTests.swift in Sources */ = {isa = PBXBuildFile; fileRef = A1D6E4C2B9F04A1C8D7E6F51 /* DataStoreInventoryTests.swift */; };
		25111A7F5C96D87106EB4F03 /* Preview Assets.xcassets in Resources */ = {isa = PBXBuildFile; fileRef = 30F820BD451D85876D9709F3 /* Preview Assets.xcassets */; };
		2640BB4C113D2A295E49C6EF /* PPJournalEntry.swift in Sources */ = {isa = PBXBuildFile; fileRef = D57A55B947211762FFEBFEA4 /* PPJournalEntry.swift */; };
		26A0A3B306005337A944815B /* TransactionsViewModel.swift in Sources */ = {isa = PBXBuildFile; fileRef = D4F3BDCB029F505713916303 /* TransactionsViewModel.swift */; };
		26A605E3863307CE4A242392 /* ProfileSettingsView.swift in Sources */ = {isa = PBXBuildFile; fileRef = 063EFCA0B42593E3955E14F0 /* ProfileSettingsView.swift */; };
		2910729067E7F3407730CAE8 /* JournalValidationTests.swift in Sources */ = {isa = PBXBuildFile; fileRef = 3D5B2F6990993B64C0491769 /* JournalValidationTests.swift */; };
		2B259B9648AE76FD3ADAC41D /* ProjectDetailView.swift in Sources */ = {isa = PBXBuildFile; fileRef = FCC59103F6625E2725107249 /* ProjectDetailView.swift */; };
		2CFAE2A8338D21011D90BE84 /* EtaxFieldPopulator.swift in Sources */ = {isa = PBXBuildFile; fileRef = 6DB05900BC8E0AE04CAE0AB4 /* EtaxFieldPopulator.swift */; };
		2EF27CC2CE8761A9D3EBEBB9 /* TransactionDetailView.swift in Sources */ = {isa = PBXBuildFile; fileRef = E6DE69D5ED07599981786FE9 /* TransactionDetailView.swift */; };
		2F10D4786F8242841B143F3E /* ReceiptImageStoreTests.swift in Sources */ = {isa = PBXBuildFile; fileRef = 0780371B937F949A496304F6 /* ReceiptImageStoreTests.swift */; };
		2F24C6589293A53F5466EEF9 /* ProjectProfitApp.swift in Sources */ = {isa = PBXBuildFile; fileRef = 7DA7BFF7AC521FFFE0C4FAF2 /* ProjectProfitApp.swift */; };
		2F6713F8F73AC21C5C621B84 /* AccountingBootstrapService.swift in Sources */ = {isa = PBXBuildFile; fileRef = 6C6532DB8C31AE2C49E00DF4 /* AccountingBootstrapService.swift */; };
		322AC79A8821683E12BF8B7A /* DashboardViewModel.swift in Sources */ = {isa = PBXBuildFile; fileRef = 3E91209CB1304D4A3084B775 /* DashboardViewModel.swift */; };
		34DCC6481837F9F8E2A8F38F /* AccountingHomeView.swift in Sources */ = {isa = PBXBuildFile; fileRef = 13E947FC8169EFB31E91DF6C /* AccountingHomeView.swift */; };
		39CC5ECB765D5675EA125728 /* RecurringHistoryView.swift in Sources */ = {isa = PBXBuildFile; fileRef = F1052AB7B6FA648C63657462 /* RecurringHistoryView.swift */; };
		3BB8D87CAC69CB09F5B6ABC8 /* MonthlyAmortizationTests.swift in Sources */ = {isa = PBXBuildFile; fileRef = 17EF5016E24BCB05A7EC3EDD /* MonthlyAmortizationTests.swift */; };
		3D3ED9A607F6D019A24BCA32 /* TaxCategoryTests.swift in Sources */ = {isa = PBXBuildFile; fileRef = A3F32CF760CF0721880BE588 /* TaxCategoryTests.swift */; };
		3E08B591F57C29C3DE943E27 /* ChartOfAccountsView.swift in Sources */ = {isa = PBXBuildFile; fileRef = 11C668D59097F6560A32737C /* ChartOfAccountsView.swift */; };
		3F7DA71D94FDEB02CC669598 /* ClassificationViewModel.swift in Sources */ = {isa = PBXBuildFile; fileRef = EDD703240DA9BB70B04A8364 /* ClassificationViewModel.swift */; };
		3F81648CE6B6C8EEB38F5061 /* TaxYear2025.json in Resources */ = {isa = PBXBuildFile; fileRef = AC7B430A76A9001283F6D7BE /* TaxYear2025.json */; };
		3FB9B76FCDA7E47480540469 /* AccountingIntegrationTests.swift in Sources */ = {isa = PBXBuildFile; fileRef = 799EA76468714F564BC67778 /* AccountingIntegrationTests.swift */; };
		44E777694B741CB7A49DCF5E /* InventoryInputView.swift in Sources */ = {isa = PBXBuildFile; fileRef = FA45AA8BF6750163056CEB85 /* InventoryInputView.swift */; };
		45587545F87159D43F9FE91C /* RecurringFormSections.swift in Sources */ = {isa = PBXBuildFile; fileRef = 68A730340E6F8E2FD3BBEB66 /* RecurringFormSections.swift */; };
		463E08A62094EC3835DC5B0B /* ShushiNaiyakushoBuilder.swift in Sources */ = {isa = PBXBuildFile; fileRef = 4657F014A14E1329AA2DD771 /* ShushiNaiyakushoBuilder.swift */; };
		48AB81554A573721ADD996A3 /* ReceiptImagePreviewView.swift in Sources */ = {isa = PBXBuildFile; fileRef = 377773E068F3BBD166D84F98 /* ReceiptImagePreviewView.swift */; };
		4A660936ADB34701EBE51C99 /* DashboardView.swift in Sources */ = {isa = PBXBuildFile; fileRef = BB232AA65A4C5F8F6DCDFE7E /* DashboardView.swift */; };
		4A8130E3078B559221E684B6 /* ModelsTests.swift in Sources */ = {isa = PBXBuildFile; fileRef = E381DD792F5D179A094CB2F9 /* ModelsTests.swift */; };
		4B00EB6CD0A678CD72B720C8 /* FilterView.swift in Sources */ = {isa = PBXBuildFile; fileRef = 492371A3D955705C4D79A8B3 /* FilterView.swift */; };
		4DBF9C4ECD2A5C5B37E991F4 /* FiscalYearSettings.swift in Sources */ = {isa = PBXBuildFile; fileRef = E492A94505D146E7B87B871D /* FiscalYearSettings.swift */; };
		4DEC4D862821D94FC7E7DD1B /* AccountingBootstrapTests.swift in Sources */ = {isa = PBXBuildFile; fileRef = 9BF6EC77336C24CB1D402ADB /* AccountingBootstrapTests.swift */; };
		4FCC939E224F53CF577FDC77 /* Logger.swift in Sources */ = {isa = PBXBuildFile; fileRef = 44EE0CC65692704E599F3253 /* Logger.swift */; };
		51A3D7DC3AA898DB588B2F1A /* NotificationService.swift in Sources */ = {isa = PBXBuildFile; fileRef = 12D2CDA98F6E670075284410 /* NotificationService.swift */; };
		53FA302956BD263966CE6873 /* FiscalYearDataStoreTests.swift in Sources */ = {isa = PBXBuildFile; fileRef = 967AACD0E99E858FF6BAF046 /* FiscalYearDataStoreTests.swift */; };
		5587567D731B881DDA4792D2 /* ProjectDetailViewModel.swift in Sources */ = {isa = PBXBuildFile; fileRef = 5580B9971CC999A5B7A1396B /* ProjectDetailViewModel.swift */; };
		57360C00716A0E9F65B796CF /* InventoryViewModel.swift in Sources */ = {isa = PBXBuildFile; fileRef = 9F74BEACCF4A16FD3FC8CD08 /* InventoryViewModel.swift */; };
		57A2CEEA02D706AC69EC893A /* PPJournalEntryTests.swift in Sources */ = {isa = PBXBuildFile; fileRef = 62A79A537D36323D347FEB53 /* PPJournalEntryTests.swift */; };
		59125D3D62BE2DF4A05C7DA5 /* TransactionHistoryTests.swift in Sources */ = {isa = PBXBuildFile; fileRef = 2CC302CCC2D662F715B7F9BD /* TransactionHistoryTests.swift */; };
		5913C33200280C916177724A /* ReceiptDateExtractionTests.swift in Sources */ = {isa = PBXBuildFile; fileRef = B92757DCD6E7DF42308CE741 /* ReceiptDateExtractionTests.swift */; };
		5AC5054322DA67C9B4B446D1 /* ReceiptScannerService.swift in Sources */ = {isa = PBXBuildFile; fileRef = 04A2B2D3D8EC7CFF1C077573 /* ReceiptScannerService.swift */; };
		5B1D744286736A44CD4F348B /* RecurringFormView.swift in Sources */ = {isa = PBXBuildFile; fileRef = 54A95C3D59FD40A677B5178C /* RecurringFormView.swift */; };
		5E3333063DA23EBC3D682C4A /* PPInventoryRecord.swift in Sources */ = {isa = PBXBuildFile; fileRef = AD9EEA7953AF58102E6EB50B /* PPInventoryRecord.swift */; };
		622BF62EFA333BB2AF1ABC44 /* ClassificationEngine.swift in Sources */ = {isa = PBXBuildFile; fileRef = 458EBDA2EA9235303AC4293A /* ClassificationEngine.swift */; };
		663A05DA4524713E9DF2E562 /* ConsumptionTaxReportServiceTests.swift in Sources */ = {isa = PBXBuildFile; fileRef = 262217A76BEF2C2D204E0105 /* ConsumptionTaxReportServiceTests.swift */; };
		66804220F004CF71C0B7CE54 /* AccountingPlaceholders.swift in Sources */ = {isa = PBXBuildFile; fileRef = 14DEA463C1A8E91D749B97FA /* AccountingPlaceholders.swift */; };
		67C2255E0EEE3D57D34844FC /* DataStore+FixedAsset.swift in Sources */ = {isa = PBXBuildFile; fileRef = FFCB8FC1C6ACB85985794E9A /* DataStore+FixedAsset.swift */; };
		6F6FC4351375668C83CB9D9C /* RegexReceiptParserLineItemTests.swift in Sources */ = {isa = PBXBuildFile; fileRef = F5F20D3968976665CD0C5B94 /* RegexReceiptParserLineItemTests.swift */; };
		6FB1494D018E20903B5500DC /* ShushiNaiyakushoBuilderTests.swift in Sources */ = {isa = PBXBuildFile; fileRef = 0769B7DE6FC53BB20D7CA4FE /* ShushiNaiyakushoBuilderTests.swift */; };
		715C76DA8E9645EB17B94EE3 /* ConsumptionTaxReportService.swift in Sources */ = {isa = PBXBuildFile; fileRef = 445C0F8197A2DC11AB21B377 /* ConsumptionTaxReportService.swift */; };
		722EABBD2C414B8BE300071D /* SettingsView.swift in Sources */ = {isa = PBXBuildFile; fileRef = 5FD1C84FE098A8618BABEA70 /* SettingsView.swift */; };
		727CC872EFD804BC8B5CE408 /* FixedAssetFormView.swift in Sources */ = {isa = PBXBuildFile; fileRef = 0DB6C0212CAA8A0763630E56 /* FixedAssetFormView.swift */; };
		74AB37EC01E66E0BA1926417 /* EtaxXtxExporterTests.swift in Sources */ = {isa = PBXBuildFile; fileRef = 46CF94A1C45956F232FA2153 /* EtaxXtxExporterTests.swift */; };
		74C99EA1C92D9E8A2B6E751D /* FiscalYearUtilities.swift in Sources */ = {isa = PBXBuildFile; fileRef = 38B4EC968815AE6D58800484 /* FiscalYearUtilities.swift */; };
		78A242ABB1E30EF85820B85D /* ReceiptScannerView.swift in Sources */ = {isa = PBXBuildFile; fileRef = BA5B687F55BE7167FE6A6C0C /* ReceiptScannerView.swift */; };
		7920C7F507F5437779BB9840 /* EtaxExportView.swift in Sources */ = {isa = PBXBuildFile; fileRef = A2BD6BCFF65CF564F7B34EBF /* EtaxExportView.swift */; };
		7928E3314AA1E481FF209308 /* LineItemsEditView.swift in Sources */ = {isa = PBXBuildFile; fileRef = 65CACC3B06EAC1F6470A1CD0 /* LineItemsEditView.swift */; };
		7A483D9D780F743EABB9CDA1 /* FixedAssetListView.swift in Sources */ = {isa = PBXBuildFile; fileRef = 2EF535C7D5846F8B4FF2DBCA /* FixedAssetListView.swift */; };
		7C2DDB9E0E7776F72926264A /* ReportView.swift in Sources */ = {isa = PBXBuildFile; fileRef = 4D17B9A5B0C5D7BBA98F8895 /* ReportView.swift */; };
		7EDFE8EB3B9EA69B30D1081C /* RecurringViewModel.swift in Sources */ = {isa = PBXBuildFile; fileRef = E4FE6147CA6556C0ACC0686A /* RecurringViewModel.swift */; };
		80C21EFFF606F078639CFEA4 /* DataStoreFixedAssetTests.swift in Sources */ = {isa = PBXBuildFile; fileRef = FAA64290ACD6A71147683711 /* DataStoreFixedAssetTests.swift */; };
		822CA6C0CE76691B4ACE7EA6 /* AccountingHomeViewModel.swift in Sources */ = {isa = PBXBuildFile; fileRef = FA5F73D5B08B73D7E16CE256 /* AccountingHomeViewModel.swift */; };
		826304BF5CCC7F0E00C94C16 /* TaxLineDefinitions.swift in Sources */ = {isa = PBXBuildFile; fileRef = 7D1EDD4C7FDEAE71730E3E17 /* TaxLineDefinitions.swift */; };
		8474293679CF3D6378432F87 /* ReceiptReviewView.swift in Sources */ = {isa = PBXBuildFile; fileRef = 1C23EF9E9AE689ED1638AE67 /* ReceiptReviewView.swift */; };
		8B96D397508889B28E10BA50 /* AppColors.swift in Sources */ = {isa = PBXBuildFile; fileRef = A4F9CAEBBA2E6CF2E58E2161 /* AppColors.swift */; };
		8C53FA7479951D1C61F6D2E8 /* TaxYearDefinitionLoader.swift in Sources */ = {isa = PBXBuildFile; fileRef = 50D3EC2BB512E3FB12404BB8 /* TaxYearDefinitionLoader.swift */; };
		90F5E77D7634D95237978705 /* TaxDeductibleRateView.swift in Sources */ = {isa = PBXBuildFile; fileRef = 5273FAA0BAD7422131AD519A /* TaxDeductibleRateView.swift */; };
		929AA389D09BB99AC70984C4 /* ManualJournalFormView.swift in Sources */ = {isa = PBXBuildFile; fileRef = 8EA1D0763CA8B60E2F9A314F /* ManualJournalFormView.swift */; };
		95267AE635883155EE55C8F1 /* PPInventoryRecordTests.swift in Sources */ = {isa = PBXBuildFile; fileRef = AD243CA8A1EAC52C78410E8C /* PPInventoryRecordTests.swift */; };
		9A8E241A275149284C5BEA43 /* UtilitiesTests.swift in Sources */ = {isa = PBXBuildFile; fileRef = BC1EFA9D67C87D6E761C316B /* UtilitiesTests.swift */; };
		9EF25609A38CD13B28BB620B /* DepreciationEngineTests.swift in Sources */ = {isa = PBXBuildFile; fileRef = 890651B2C97C4594F40FE15C /* DepreciationEngineTests.swift */; };
		9F115E26752B46F9C75F8482 /* ProRataDataStoreTests.swift in Sources */ = {isa = PBXBuildFile; fileRef = CF0A86F0677FFFDD0CAE723A /* ProRataDataStoreTests.swift */; };
		A215E4F0578D0839D1839EF0 /* DataStore+Inventory.swift in Sources */ = {isa = PBXBuildFile; fileRef = 9F918B102BD92DC5CEFA2707 /* DataStore+Inventory.swift */; };
		A3554F366243E274179FE445 /* ClassificationDictionaryLoader.swift in Sources */ = {isa = PBXBuildFile; fileRef = 3EC125DE67228872FCB99375 /* ClassificationDictionaryLoader.swift */; };
		A3BB476C9329141A8C0AA6A4 /* ReceiptAmountExtractionTests.swift in Sources */ = {isa = PBXBuildFile; fileRef = 0588256EAEF923B2A75B7D52 /* ReceiptAmountExtractionTests.swift */; };
		A5874F23FFDEB013B8AB111B /* PPAccountingProfile.swift in Sources */ = {isa = PBXBuildFile; fileRef = D1DEE3EB8F773CD2BED2F0A6 /* PPAccountingProfile.swift */; };
		A6B791E8028C25B01084B7FF /* EtaxExportViewModel.swift in Sources */ = {isa = PBXBuildFile; fileRef = F471CBD91226D97CB8AA45D7 /* EtaxExportViewModel.swift */; };
		A986FC4084308ECB14FDDFD2 /* BalanceSheetView.swift in Sources */ = {isa = PBXBuildFile; fileRef = 810DB88C87FA534A241E9C46 /* BalanceSheetView.swift */; };
		AC725EBA7F360D35CD05F958 /* AccountingConstants.swift in Sources */ = {isa = PBXBuildFile; fileRef = 41157D8BF0B2CB3B47AEC6C8 /* AccountingConstants.swift */; };
		ACE07A4DC9F69190768D3595 /* AccountingPerformanceTests.swift in Sources */ = {isa = PBXBuildFile; fileRef = 5A1B6616EFC0F3ADE814BA23 /* AccountingPerformanceTests.swift */; };
		AE176AEF18562606801FC6BA /* Utilities.swift in Sources */ = {isa = PBXBuildFile; fileRef = D457467467CE1C760BA893F7 /* Utilities.swift */; };
		AF81A27AC659B89B013EB08E /* CategoryManageView.swift in Sources */ = {isa = PBXBuildFile; fileRef = 42039D8715E69297CAB8D284 /* CategoryManageView.swift */; };
		B03E20A54B2857646CD33E57 /* FixedAssetDetailView.swift in Sources */ = {isa = PBXBuildFile; fileRef = BB4A883A43EE4AEAF39CD780 /* FixedAssetDetailView.swift */; };
		B18B964C900BF8EC167A6B85 /* PPAccount.swift in Sources */ = {isa = PBXBuildFile; fileRef = 270FDA4E263E19B6DDE753DB /* PPAccount.swift */; };
		B406406FAA82862A8DAD352C /* ClassificationLearningService.swift in Sources */ = {isa = PBXBuildFile; fileRef = EF5C1E62DDD3291254471BE4 /* ClassificationLearningService.swift */; };
		B4ACDABAD19B2745A3571502 /* InventoryServiceTests.swift in Sources */ = {isa = PBXBuildFile; fileRef = 2B90CAF206FD0EF1801E6886 /* InventoryServiceTests.swift */; };
		A1D6E4C2B9F04A1C8D7E6F54 /* InventoryViewModelTests.swift in Sources */ = {isa = PBXBuildFile; fileRef = A1D6E4C2B9F04A1C8D7E6F52 /* InventoryViewModelTests.swift */; };
		B6C6F24C707483A67E2BBB86 /* LineItemTests.swift in Sources */ = {isa = PBXBuildFile; fileRef = 2AD4A493F79541BF4E5906DF /* LineItemTests.swift */; };
		B7D56AA504FC8B33248CCCA3 /* RecurringView.swift in Sources */ = {isa = PBXBuildFile; fileRef = 0E00231725E1D3A746430A2E /* RecurringView.swift */; };
		B818661117168F518730C7EF /* ProjectsView.swift in Sources */ = {isa = PBXBuildFile; fileRef = 887103837A9505D7A09E6069 /* ProjectsView.swift */; };
		BB07EB3B607981D53DEB764C /* AccountPickerView.swift in Sources */ = {isa = PBXBuildFile; fileRef = 12EF8C4694C912049032BA0D /* AccountPickerView.swift */; };
		BC467E6FAA99381375E374E6 /* Assets.xcassets in Resources */ = {isa = PBXBuildFile; fileRef = 6F1EE749033BC542E74BF32E /* Assets.xcassets */; };
		BEB94C9C765A6A0606BD04FE /* TransactionFormView.swift in Sources */ = {isa = PBXBuildFile; fileRef = F0EE00EFF66B281A5CDB89FE /* TransactionFormView.swift */; };
		BEC6C522762268850E1861B4 /* TransactionsView.swift in Sources */ = {isa = PBXBuildFile; fileRef = DBA4945543C8EB15B3D169CE /* TransactionsView.swift */; };
		BF3E1FA0B8DC28D8EDCA67BB /* LedgerView.swift in Sources */ = {isa = PBXBuildFile; fileRef = A85E8F127C73C4B57189CD14 /* LedgerView.swift */; };
		C0C01CE05331DD8AF903F0B2 /* ReceiptImageStore.swift in Sources */ = {isa = PBXBuildFile; fileRef = 5A73E9F970A14A82011654E0 /* ReceiptImageStore.swift */; };
		C23010E9B52F11EB71107106 /* AccountingReportService.swift in Sources */ = {isa = PBXBuildFile; fileRef = F802F5C7AA1F5737AB6F5862 /* AccountingReportService.swift */; };
		C2E04FB98B28A5B55A5C517C /* ConsumptionTaxModels.swift in Sources */ = {isa = PBXBuildFile; fileRef = 4A5AA45A1A7220535D341440 /* ConsumptionTaxModels.swift */; };
		C3F1925BBB12C929C48B4FC6 /* CategoryAccountMappingView.swift in Sources */ = {isa = PBXBuildFile; fileRef = 04B1BBC3CC594252AB5A8A96 /* CategoryAccountMappingView.swift */; };
		C6121CE58D5A6FC62DF8DED6 /* DepreciationScheduleBuilderTests.swift in Sources */ = {isa = PBXBuildFile; fileRef = 2895FAC055FE1C89F1A0D8C6 /* DepreciationScheduleBuilderTests.swift */; };
		C6412F4C0BE248E0FFAE662E /* AccountingReportModels.swift in Sources */ = {isa = PBXBuildFile; fileRef = 95F05C3F35F70CBFC4CB71E2 /* AccountingReportModels.swift */; };
		C64DEEBD0A204B6FD7FCA7FC /* AccountingEngineTests.swift in Sources */ = {isa = PBXBuildFile; fileRef = AB1BEEBA997B710224C4E2C6 /* AccountingEngineTests.swift */; };
		C6EB9D48BD2E556B3F3ECDC1 /* DataStore+YearLock.swift in Sources */ = {isa = PBXBuildFile; fileRef = 73DEC3D27B47D6315C090581 /* DataStore+YearLock.swift */; };
		CA46C06F0745309F9C06F7E2 /* ProjectFormView.swift in Sources */ = {isa = PBXBuildFile; fileRef = 2CD8A10AEB255406F2B83859 /* ProjectFormView.swift */; };
		CBB24538A01248F81A8FD2FB /* EtaxFieldPopulatorTests.swift in Sources */ = {isa = PBXBuildFile; fileRef = F7BDC7F4EE35DED4B240401C /* EtaxFieldPopulatorTests.swift */; };
		CC9A924617E21A756DF55AFE /* ClassificationEngineTests.swift in Sources */ = {isa = PBXBuildFile; fileRef = 046CF8407E0186AEDFDDDE3E /* ClassificationEngineTests.swift */; };
		CD6E001D97B6CC35105E284E /* AccountingReportViewModel.swift in Sources */ = {isa = PBXBuildFile; fileRef = 8B02D4F68639CF6A69C01E6F /* AccountingReportViewModel.swift */; };
		CE3691D8B5A4F61C83BFBC22 /* ReportViewModel.swift in Sources */ = {isa = PBXBuildFile; fileRef = DD5A05D726608E686172E9AF /* ReportViewModel.swift */; };
		CE599106503E91C5A360DBD2 /* ProRataTests.swift in Sources */ = {isa = PBXBuildFile; fileRef = E36B3E39C115B30D51EE941D /* ProRataTests.swift */; };
		D1559899447F81FAFB1371D8 /* UnclassifiedTransactionsView.swift in Sources */ = {isa = PBXBuildFile; fileRef = 505F73585E64CE23BA2E1C2E /* UnclassifiedTransactionsView.swift */; };
		D1A48379B4382AEF91B353DF /* EtaxCharacterValidator.swift in Sources */ = {isa = PBXBuildFile; fileRef = EF08874636AC1F860CC8E586 /* EtaxCharacterValidator.swift */; };
		D347B5E3F43524587D9A1F0E /* PlannedEndDateTests.swift in Sources */ = {isa = PBXBuildFile; fileRef = F126C85ED8A53E7BD4AC6CDF /* PlannedEndDateTests.swift */; };
		D4283A28E39DEF685AC23BB6 /* EtaxCharacterValidatorTests.swift in Sources */ = {isa = PBXBuildFile; fileRef = 42B036D59EB3893B15E6B07E /* EtaxCharacterValidatorTests.swift */; };
		D49920D4B8FF11933AE800FD /* AccountingEnums.swift in Sources */ = {isa = PBXBuildFile; fileRef = 92FF2528D128BB6E0529334C /* AccountingEnums.swift */; };
		D6556BAF29115963203B63D9 /* RecurringProcessingTests.swift in Sources */ = {isa = PBXBuildFile; fileRef = 2B9533EBD75C0132D1F9B6FB /* RecurringProcessingTests.swift */; };
		D8663FC3FB9C6FEC17399402 /* PPFixedAsset.swift in Sources */ = {isa = PBXBuildFile; fileRef = 7944EFFDA75234E52CD03BF3 /* PPFixedAsset.swift */; };
		DA095F7502423FBE9AE8CA74 /* ReceiptData.swift in Sources */ = {isa = PBXBuildFile; fileRef = 4F48559A7F4D6BBE5121CDAF /* ReceiptData.swift */; };
		DC11EE6A7ED8734EF5CBE0DC /* DataStoreAccountingTests.swift in Sources */ = {isa = PBXBuildFile; fileRef = B655CC608E618292BD875311 /* DataStoreAccountingTests.swift */; };
		DC81EEFAC90B02F31102939C /* EtaxXtxExporter.swift in Sources */ = {isa = PBXBuildFile; fileRef = 11E41A6DAF372314B8DCBED7 /* EtaxXtxExporter.swift */; };
		DE9501E0145F7814E4A6739B /* AccountingConstantsTests.swift in Sources */ = {isa = PBXBuildFile; fileRef = C5D94596F280C6EADB2814B7 /* AccountingConstantsTests.swift */; };
		E6CEF7EF5B6B86314F214EF1 /* EtaxModels.swift in Sources */ = {isa = PBXBuildFile; fileRef = EA20ECDFDE39DCAC5AB62037 /* EtaxModels.swift */; };
		E6E56F16F4D56BA0DBD6D6F0 /* FiscalYearUtilitiesTests.swift in Sources */ = {isa = PBXBuildFile; fileRef = 67BD4168BBEA56AEFAE018A4 /* FiscalYearUtilitiesTests.swift */; };
		E93C8CBF074012BDC3500DF8 /* ProjectsViewModel.swift in Sources */ = {isa = PBXBuildFile; fileRef = D2FB74A0CA5C604E4D9817FA /* ProjectsViewModel.swift */; };
		EABA4BCBD9D977430ADBEDF5 /* DepreciationEngine.swift in Sources */ = {isa = PBXBuildFile; fileRef = 7D37AF373B8CDC9702649D6D /* DepreciationEngine.swift */; };
		EB7EDD9DC15BEC76E1A026A8 /* TransactionsViewModelTests.swift in Sources */ = {isa = PBXBuildFile; fileRef = 75764716F068DE86C44F0E0C /* TransactionsViewModelTests.swift */; };
		ED10F1EDDE1B2BC6D69A857E /* FixedAssetScheduleView.swift in Sources */ = {isa = PBXBuildFile; fileRef = D1DE5D4ACB80AB72BCC7C309 /* FixedAssetScheduleView.swift */; };
		ED4351C3EC3A394128D75B4F /* PPAccountTests.swift in Sources */ = {isa = PBXBuildFile; fileRef = 6F9A15808C098E786B0B27BA /* PPAccountTests.swift */; };
		EEC1FC38DB87E3EBB8C565CF /* ClassificationDictionaryLoaderTests.swift in Sources */ = {isa = PBXBuildFile; fileRef = 8EF904D8494972942BD98EA7 /* ClassificationDictionaryLoaderTests.swift */; };
		F0B54A8C2186A3713A6D456C /* ClosingEntryTests.swift in Sources */ = {isa = PBXBuildFile; fileRef = B2CF5153DAA9F3380CBA50A7 /* ClosingEntryTests.swift */; };
		F4C70B91C641BB9BEFF0893E /* EtaxFormPreviewView.swift in Sources */ = {isa = PBXBuildFile; fileRef = 747668B983D212027E8841B1 /* EtaxFormPreviewView.swift */; };
		F6599B357AEDC414141C79BD /* ClosingEntryView.swift in Sources */ = {isa = PBXBuildFile; fileRef = 8900FEB6E94D966A7EFE8568 /* ClosingEntryView.swift */; };
		F924271069F2DA74FA3BED88 /* AppError.swift in Sources */ = {isa = PBXBuildFile; fileRef = 0E82AE221FF384FA7F76E653 /* AppError.swift */; };
		F947CE3D2CC6E409A0A47DBC /* JournalListView.swift in Sources */ = {isa = PBXBuildFile; fileRef = 79D2C1C6987F9CA1FFF101F7 /* JournalListView.swift */; };
		F96E9B9168D3EA9D7100D7A8 /* InventoryService.swift in Sources */ = {isa = PBXBuildFile; fileRef = CBD99BA5BD156A24FBFB28A3 /* InventoryService.swift */; };
		FA84390AFE534E9E88591B8E /* TrialBalanceView.swift in Sources */ = {isa = PBXBuildFile; fileRef = E0671667B0F07D24016A0F4F /* TrialBalanceView.swift */; };
		FB63D37ABEDDC20AE431671E /* PPUserRule.swift in Sources */ = {isa = PBXBuildFile; fileRef = 8400BE18B0A7F6C8C057A63F /* PPUserRule.swift */; };
		FC510C2377B9CF857CD6246D /* AccountingEngine.swift in Sources */ = {isa = PBXBuildFile; fileRef = F49F981391FCA44E6C8AB6D5 /* AccountingEngine.swift */; };
		FF2599B004C65ACD2567EADF /* ReceiptStoreNameExtractionTests.swift in Sources */ = {isa = PBXBuildFile; fileRef = 8BA7DAC6D4DF4B24C0C7FDDA /* ReceiptStoreNameExtractionTests.swift */; };
/* End PBXBuildFile section */

/* Begin PBXContainerItemProxy section */
		8838ED77F2FC9D2BC2224375 /* PBXContainerItemProxy */ = {
			isa = PBXContainerItemProxy;
			containerPortal = B57DFC77CA54255F00E8E08F /* Project object */;
			proxyType = 1;
			remoteGlobalIDString = B0EC5EFA88C12CE310144BE3;
			remoteInfo = ProjectProfit;
		};
/* End PBXContainerItemProxy section */

/* Begin PBXFileReference section */
		046CF8407E0186AEDFDDDE3E /* ClassificationEngineTests.swift */ = {isa = PBXFileReference; lastKnownFileType = sourcecode.swift; path = ClassificationEngineTests.swift; sourceTree = "<group>"; };
		04A2B2D3D8EC7CFF1C077573 /* ReceiptScannerService.swift */ = {isa = PBXFileReference; lastKnownFileType = sourcecode.swift; path = ReceiptScannerService.swift; sourceTree = "<group>"; };
		04B1BBC3CC594252AB5A8A96 /* CategoryAccountMappingView.swift */ = {isa = PBXFileReference; lastKnownFileType = sourcecode.swift; path = CategoryAccountMappingView.swift; sourceTree = "<group>"; };
		0588256EAEF923B2A75B7D52 /* ReceiptAmountExtractionTests.swift */ = {isa = PBXFileReference; lastKnownFileType = sourcecode.swift; path = ReceiptAmountExtractionTests.swift; sourceTree = "<group>"; };
		063EFCA0B42593E3955E14F0 /* ProfileSettingsView.swift */ = {isa = PBXFileReference; lastKnownFileType = sourcecode.swift; path = ProfileSettingsView.swift; sourceTree = "<group>"; };
		066DCD3F546D9686B73B0175 /* DepreciationScheduleBuilder.swift */ = {isa = PBXFileReference; lastKnownFileType = sourcecode.swift; path = DepreciationScheduleBuilder.swift; sourceTree = "<group>"; };
		0769B7DE6FC53BB20D7CA4FE /* ShushiNaiyakushoBuilderTests.swift */ = {isa = PBXFileReference; lastKnownFileType = sourcecode.swift; path = ShushiNaiyakushoBuilderTests.swift; sourceTree = "<group>"; };
		0780371B937F949A496304F6 /* ReceiptImageStoreTests.swift */ = {isa = PBXFileReference; lastKnownFileType = sourcecode.swift; path = ReceiptImageStoreTests.swift; sourceTree = "<group>"; };
		0DB6C0212CAA8A0763630E56 /* FixedAssetFormView.swift */ = {isa = PBXFileReference; lastKnownFileType = sourcecode.swift; path = FixedAssetFormView.swift; sourceTree = "<group>"; };
		0E00231725E1D3A746430A2E /* RecurringView.swift */ = {isa = PBXFileReference; lastKnownFileType = sourcecode.swift; path = RecurringView.swift; sourceTree = "<group>"; };
		0E82AE221FF384FA7F76E653 /* AppError.swift */ = {isa = PBXFileReference; lastKnownFileType = sourcecode.swift; path = AppError.swift; sourceTree = "<group>"; };
		11C668D59097F6560A32737C /* ChartOfAccountsView.swift */ = {isa = PBXFileReference; lastKnownFileType = sourcecode.swift; path = ChartOfAccountsView.swift; sourceTree = "<group>"; };
		11E41A6DAF372314B8DCBED7 /* EtaxXtxExporter.swift */ = {isa = PBXFileReference; lastKnownFileType = sourcecode.swift; path = EtaxXtxExporter.swift; sourceTree = "<group>"; };
		12D2CDA98F6E670075284410 /* NotificationService.swift */ = {isa = PBXFileReference; lastKnownFileType = sourcecode.swift; path = NotificationService.swift; sourceTree = "<group>"; };
		12EF8C4694C912049032BA0D /* AccountPickerView.swift */ = {isa = PBXFileReference; lastKnownFileType = sourcecode.swift; path = AccountPickerView.swift; sourceTree = "<group>"; };
		13E947FC8169EFB31E91DF6C /* AccountingHomeView.swift */ = {isa = PBXFileReference; lastKnownFileType = sourcecode.swift; path = AccountingHomeView.swift; sourceTree = "<group>"; };
		14DEA463C1A8E91D749B97FA /* AccountingPlaceholders.swift */ = {isa = PBXFileReference; lastKnownFileType = sourcecode.swift; path = AccountingPlaceholders.swift; sourceTree = "<group>"; };
		162701FC3C7E121720D50BF0 /* ProfitLossView.swift */ = {isa = PBXFileReference; lastKnownFileType = sourcecode.swift; path = ProfitLossView.swift; sourceTree = "<group>"; };
		17EF5016E24BCB05A7EC3EDD /* MonthlyAmortizationTests.swift */ = {isa = PBXFileReference; lastKnownFileType = sourcecode.swift; path = MonthlyAmortizationTests.swift; sourceTree = "<group>"; };
		1C23EF9E9AE689ED1638AE67 /* ReceiptReviewView.swift */ = {isa = PBXFileReference; lastKnownFileType = sourcecode.swift; path = ReceiptReviewView.swift; sourceTree = "<group>"; };
		1F1FF5929497BB0814139068 /* ClassificationLearningServiceTests.swift */ = {isa = PBXFileReference; lastKnownFileType = sourcecode.swift; path = ClassificationLearningServiceTests.swift; sourceTree = "<group>"; };
		262217A76BEF2C2D204E0105 /* ConsumptionTaxReportServiceTests.swift */ = {isa = PBXFileReference; lastKnownFileType = sourcecode.swift; path = ConsumptionTaxReportServiceTests.swift; sourceTree = "<group>"; };
		270FDA4E263E19B6DDE753DB /* PPAccount.swift */ = {isa = PBXFileReference; lastKnownFileType = sourcecode.swift; path = PPAccount.swift; sourceTree = "<group>"; };
		2895FAC055FE1C89F1A0D8C6 /* DepreciationScheduleBuilderTests.swift */ = {isa = PBXFileReference; lastKnownFileType = sourcecode.swift; path = DepreciationScheduleBuilderTests.swift; sourceTree = "<group>"; };
		2AD4A493F79541BF4E5906DF /* LineItemTests.swift */ = {isa = PBXFileReference; lastKnownFileType = sourcecode.swift; path = LineItemTests.swift; sourceTree = "<group>"; };
		2B90CAF206FD0EF1801E6886 /* InventoryServiceTests.swift */ = {isa = PBXFileReference; lastKnownFileType = sourcecode.swift; path = InventoryServiceTests.swift; sourceTree = "<group>"; };
		2B9533EBD75C0132D1F9B6FB /* RecurringProcessingTests.swift */ = {isa = PBXFileReference; lastKnownFileType = sourcecode.swift; path = RecurringProcessingTests.swift; sourceTree = "<group>"; };
		2CC302CCC2D662F715B7F9BD /* TransactionHistoryTests.swift */ = {isa = PBXFileReference; lastKnownFileType = sourcecode.swift; path = TransactionHistoryTests.swift; sourceTree = "<group>"; };
		2CD8A10AEB255406F2B83859 /* ProjectFormView.swift */ = {isa = PBXFileReference; lastKnownFileType = sourcecode.swift; path = ProjectFormView.swift; sourceTree = "<group>"; };
		2EF535C7D5846F8B4FF2DBCA /* FixedAssetListView.swift */ = {isa = PBXFileReference; lastKnownFileType = sourcecode.swift; path = FixedAssetListView.swift; sourceTree = "<group>"; };
		A1D6E4C2B9F04A1C8D7E6F51 /* DataStoreInventoryTests.swift */ = {isa = PBXFileReference; lastKnownFileType = sourcecode.swift; path = DataStoreInventoryTests.swift; sourceTree = "<group>"; };
		A1D6E4C2B9F04A1C8D7E6F52 /* InventoryViewModelTests.swift */ = {isa = PBXFileReference; lastKnownFileType = sourcecode.swift; path = InventoryViewModelTests.swift; sourceTree = "<group>"; };
		30F820BD451D85876D9709F3 /* Preview Assets.xcassets */ = {isa = PBXFileReference; lastKnownFileType = folder.assetcatalog; path = "Preview Assets.xcassets"; sourceTree = "<group>"; };
		34972547443B4D43E57421DF /* NotificationSettingsView.swift */ = {isa = PBXFileReference; lastKnownFileType = sourcecode.swift; path = NotificationSettingsView.swift; sourceTree = "<group>"; };
		3575D41E0A72538404C83423 /* DataStore+Accounting.swift */ = {isa = PBXFileReference; lastKnownFileType = sourcecode.swift; path = "DataStore+Accounting.swift"; sourceTree = "<group>"; };
		377773E068F3BBD166D84F98 /* ReceiptImagePreviewView.swift */ = {isa = PBXFileReference; lastKnownFileType = sourcecode.swift; path = ReceiptImagePreviewView.swift; sourceTree = "<group>"; };
		38B4EC968815AE6D58800484 /* FiscalYearUtilities.swift */ = {isa = PBXFileReference; lastKnownFileType = sourcecode.swift; path = FiscalYearUtilities.swift; sourceTree = "<group>"; };
		3A13C0560EA3E79F5A8D8CAE /* TaxYearDefinitionLoaderTests.swift */ = {isa = PBXFileReference; lastKnownFileType = sourcecode.swift; path = TaxYearDefinitionLoaderTests.swift; sourceTree = "<group>"; };
		3D5B2F6990993B64C0491769 /* JournalValidationTests.swift */ = {isa = PBXFileReference; lastKnownFileType = sourcecode.swift; path = JournalValidationTests.swift; sourceTree = "<group>"; };
		3E91209CB1304D4A3084B775 /* DashboardViewModel.swift */ = {isa = PBXFileReference; lastKnownFileType = sourcecode.swift; path = DashboardViewModel.swift; sourceTree = "<group>"; };
		3EC125DE67228872FCB99375 /* ClassificationDictionaryLoader.swift */ = {isa = PBXFileReference; lastKnownFileType = sourcecode.swift; path = ClassificationDictionaryLoader.swift; sourceTree = "<group>"; };
		41157D8BF0B2CB3B47AEC6C8 /* AccountingConstants.swift */ = {isa = PBXFileReference; lastKnownFileType = sourcecode.swift; path = AccountingConstants.swift; sourceTree = "<group>"; };
		42039D8715E69297CAB8D284 /* CategoryManageView.swift */ = {isa = PBXFileReference; lastKnownFileType = sourcecode.swift; path = CategoryManageView.swift; sourceTree = "<group>"; };
		42B036D59EB3893B15E6B07E /* EtaxCharacterValidatorTests.swift */ = {isa = PBXFileReference; lastKnownFileType = sourcecode.swift; path = EtaxCharacterValidatorTests.swift; sourceTree = "<group>"; };
		445C0F8197A2DC11AB21B377 /* ConsumptionTaxReportService.swift */ = {isa = PBXFileReference; lastKnownFileType = sourcecode.swift; path = ConsumptionTaxReportService.swift; sourceTree = "<group>"; };
		44EE0CC65692704E599F3253 /* Logger.swift */ = {isa = PBXFileReference; lastKnownFileType = sourcecode.swift; path = Logger.swift; sourceTree = "<group>"; };
		458EBDA2EA9235303AC4293A /* ClassificationEngine.swift */ = {isa = PBXFileReference; lastKnownFileType = sourcecode.swift; path = ClassificationEngine.swift; sourceTree = "<group>"; };
		4657F014A14E1329AA2DD771 /* ShushiNaiyakushoBuilder.swift */ = {isa = PBXFileReference; lastKnownFileType = sourcecode.swift; path = ShushiNaiyakushoBuilder.swift; sourceTree = "<group>"; };
		46CF94A1C45956F232FA2153 /* EtaxXtxExporterTests.swift */ = {isa = PBXFileReference; lastKnownFileType = sourcecode.swift; path = EtaxXtxExporterTests.swift; sourceTree = "<group>"; };
		492371A3D955705C4D79A8B3 /* FilterView.swift */ = {isa = PBXFileReference; lastKnownFileType = sourcecode.swift; path = FilterView.swift; sourceTree = "<group>"; };
		4A5AA45A1A7220535D341440 /* ConsumptionTaxModels.swift */ = {isa = PBXFileReference; lastKnownFileType = sourcecode.swift; path = ConsumptionTaxModels.swift; sourceTree = "<group>"; };
		4D17B9A5B0C5D7BBA98F8895 /* ReportView.swift */ = {isa = PBXFileReference; lastKnownFileType = sourcecode.swift; path = ReportView.swift; sourceTree = "<group>"; };
		4F48559A7F4D6BBE5121CDAF /* ReceiptData.swift */ = {isa = PBXFileReference; lastKnownFileType = sourcecode.swift; path = ReceiptData.swift; sourceTree = "<group>"; };
		505F73585E64CE23BA2E1C2E /* UnclassifiedTransactionsView.swift */ = {isa = PBXFileReference; lastKnownFileType = sourcecode.swift; path = UnclassifiedTransactionsView.swift; sourceTree = "<group>"; };
		50D3EC2BB512E3FB12404BB8 /* TaxYearDefinitionLoader.swift */ = {isa = PBXFileReference; lastKnownFileType = sourcecode.swift; path = TaxYearDefinitionLoader.swift; sourceTree = "<group>"; };
		52623B849DAB74FB8521FE1C /* ProjectProfit.app */ = {isa = PBXFileReference; includeInIndex = 0; lastKnownFileType = wrapper.application; path = ProjectProfit.app; sourceTree = BUILT_PRODUCTS_DIR; };
		5273FAA0BAD7422131AD519A /* TaxDeductibleRateView.swift */ = {isa = PBXFileReference; lastKnownFileType = sourcecode.swift; path = TaxDeductibleRateView.swift; sourceTree = "<group>"; };
		54A95C3D59FD40A677B5178C /* RecurringFormView.swift */ = {isa = PBXFileReference; lastKnownFileType = sourcecode.swift; path = RecurringFormView.swift; sourceTree = "<group>"; };
		5532FFAAEC276A9776BB1855 /* DataStoreSummaryTests.swift */ = {isa = PBXFileReference; lastKnownFileType = sourcecode.swift; path = DataStoreSummaryTests.swift; sourceTree = "<group>"; };
		5580B9971CC999A5B7A1396B /* ProjectDetailViewModel.swift */ = {isa = PBXFileReference; lastKnownFileType = sourcecode.swift; path = ProjectDetailViewModel.swift; sourceTree = "<group>"; };
		5A1B6616EFC0F3ADE814BA23 /* AccountingPerformanceTests.swift */ = {isa = PBXFileReference; lastKnownFileType = sourcecode.swift; path = AccountingPerformanceTests.swift; sourceTree = "<group>"; };
		5A73E9F970A14A82011654E0 /* ReceiptImageStore.swift */ = {isa = PBXFileReference; lastKnownFileType = sourcecode.swift; path = ReceiptImageStore.swift; sourceTree = "<group>"; };
		5FD1C84FE098A8618BABEA70 /* SettingsView.swift */ = {isa = PBXFileReference; lastKnownFileType = sourcecode.swift; path = SettingsView.swift; sourceTree = "<group>"; };
		610093EB192F615E97AD0958 /* DataStore.swift */ = {isa = PBXFileReference; lastKnownFileType = sourcecode.swift; path = DataStore.swift; sourceTree = "<group>"; };
		62A79A537D36323D347FEB53 /* PPJournalEntryTests.swift */ = {isa = PBXFileReference; lastKnownFileType = sourcecode.swift; path = PPJournalEntryTests.swift; sourceTree = "<group>"; };
		65CACC3B06EAC1F6470A1CD0 /* LineItemsEditView.swift */ = {isa = PBXFileReference; lastKnownFileType = sourcecode.swift; path = LineItemsEditView.swift; sourceTree = "<group>"; };
		67BD4168BBEA56AEFAE018A4 /* FiscalYearUtilitiesTests.swift */ = {isa = PBXFileReference; lastKnownFileType = sourcecode.swift; path = FiscalYearUtilitiesTests.swift; sourceTree = "<group>"; };
		68A730340E6F8E2FD3BBEB66 /* RecurringFormSections.swift */ = {isa = PBXFileReference; lastKnownFileType = sourcecode.swift; path = RecurringFormSections.swift; sourceTree = "<group>"; };
		6C6532DB8C31AE2C49E00DF4 /* AccountingBootstrapService.swift */ = {isa = PBXFileReference; lastKnownFileType = sourcecode.swift; path = AccountingBootstrapService.swift; sourceTree = "<group>"; };
		6DB05900BC8E0AE04CAE0AB4 /* EtaxFieldPopulator.swift */ = {isa = PBXFileReference; lastKnownFileType = sourcecode.swift; path = EtaxFieldPopulator.swift; sourceTree = "<group>"; };
		6F1EE749033BC542E74BF32E /* Assets.xcassets */ = {isa = PBXFileReference; lastKnownFileType = folder.assetcatalog; path = Assets.xcassets; sourceTree = "<group>"; };
		6F9A15808C098E786B0B27BA /* PPAccountTests.swift */ = {isa = PBXFileReference; lastKnownFileType = sourcecode.swift; path = PPAccountTests.swift; sourceTree = "<group>"; };
		73DEC3D27B47D6315C090581 /* DataStore+YearLock.swift */ = {isa = PBXFileReference; lastKnownFileType = sourcecode.swift; path = "DataStore+YearLock.swift"; sourceTree = "<group>"; };
		747668B983D212027E8841B1 /* EtaxFormPreviewView.swift */ = {isa = PBXFileReference; lastKnownFileType = sourcecode.swift; path = EtaxFormPreviewView.swift; sourceTree = "<group>"; };
		75764716F068DE86C44F0E0C /* TransactionsViewModelTests.swift */ = {isa = PBXFileReference; lastKnownFileType = sourcecode.swift; path = TransactionsViewModelTests.swift; sourceTree = "<group>"; };
		792A2D7C114938078C2AA7E7 /* PPAccountingProfileTests.swift */ = {isa = PBXFileReference; lastKnownFileType = sourcecode.swift; path = PPAccountingProfileTests.swift; sourceTree = "<group>"; };
		7944EFFDA75234E52CD03BF3 /* PPFixedAsset.swift */ = {isa = PBXFileReference; lastKnownFileType = sourcecode.swift; path = PPFixedAsset.swift; sourceTree = "<group>"; };
		799EA76468714F564BC67778 /* AccountingIntegrationTests.swift */ = {isa = PBXFileReference; lastKnownFileType = sourcecode.swift; path = AccountingIntegrationTests.swift; sourceTree = "<group>"; };
		79D2C1C6987F9CA1FFF101F7 /* JournalListView.swift */ = {isa = PBXFileReference; lastKnownFileType = sourcecode.swift; path = JournalListView.swift; sourceTree = "<group>"; };
		7D1EDD4C7FDEAE71730E3E17 /* TaxLineDefinitions.swift */ = {isa = PBXFileReference; lastKnownFileType = sourcecode.swift; path = TaxLineDefinitions.swift; sourceTree = "<group>"; };
		7D37AF373B8CDC9702649D6D /* DepreciationEngine.swift */ = {isa = PBXFileReference; lastKnownFileType = sourcecode.swift; path = DepreciationEngine.swift; sourceTree = "<group>"; };
		7DA7BFF7AC521FFFE0C4FAF2 /* ProjectProfitApp.swift */ = {isa = PBXFileReference; lastKnownFileType = sourcecode.swift; path = ProjectProfitApp.swift; sourceTree = "<group>"; };
		810DB88C87FA534A241E9C46 /* BalanceSheetView.swift */ = {isa = PBXFileReference; lastKnownFileType = sourcecode.swift; path = BalanceSheetView.swift; sourceTree = "<group>"; };
		8400BE18B0A7F6C8C057A63F /* PPUserRule.swift */ = {isa = PBXFileReference; lastKnownFileType = sourcecode.swift; path = PPUserRule.swift; sourceTree = "<group>"; };
		887103837A9505D7A09E6069 /* ProjectsView.swift */ = {isa = PBXFileReference; lastKnownFileType = sourcecode.swift; path = ProjectsView.swift; sourceTree = "<group>"; };
		8900FEB6E94D966A7EFE8568 /* ClosingEntryView.swift */ = {isa = PBXFileReference; lastKnownFileType = sourcecode.swift; path = ClosingEntryView.swift; sourceTree = "<group>"; };
		890651B2C97C4594F40FE15C /* DepreciationEngineTests.swift */ = {isa = PBXFileReference; lastKnownFileType = sourcecode.swift; path = DepreciationEngineTests.swift; sourceTree = "<group>"; };
		8B02D4F68639CF6A69C01E6F /* AccountingReportViewModel.swift */ = {isa = PBXFileReference; lastKnownFileType = sourcecode.swift; path = AccountingReportViewModel.swift; sourceTree = "<group>"; };
		8BA7DAC6D4DF4B24C0C7FDDA /* ReceiptStoreNameExtractionTests.swift */ = {isa = PBXFileReference; lastKnownFileType = sourcecode.swift; path = ReceiptStoreNameExtractionTests.swift; sourceTree = "<group>"; };
		8EA1D0763CA8B60E2F9A314F /* ManualJournalFormView.swift */ = {isa = PBXFileReference; lastKnownFileType = sourcecode.swift; path = ManualJournalFormView.swift; sourceTree = "<group>"; };
		8EF904D8494972942BD98EA7 /* ClassificationDictionaryLoaderTests.swift */ = {isa = PBXFileReference; lastKnownFileType = sourcecode.swift; path = ClassificationDictionaryLoaderTests.swift; sourceTree = "<group>"; };
		92FF2528D128BB6E0529334C /* AccountingEnums.swift */ = {isa = PBXFileReference; lastKnownFileType = sourcecode.swift; path = AccountingEnums.swift; sourceTree = "<group>"; };
		939B4BB233225EA40BDF5E4F /* JournalValidationService.swift */ = {isa = PBXFileReference; lastKnownFileType = sourcecode.swift; path = JournalValidationService.swift; sourceTree = "<group>"; };
		93E54EDD1D1AA5F7F78EE06F /* YearLockTests.swift */ = {isa = PBXFileReference; lastKnownFileType = sourcecode.swift; path = YearLockTests.swift; sourceTree = "<group>"; };
		95F05C3F35F70CBFC4CB71E2 /* AccountingReportModels.swift */ = {isa = PBXFileReference; lastKnownFileType = sourcecode.swift; path = AccountingReportModels.swift; sourceTree = "<group>"; };
		967AACD0E99E858FF6BAF046 /* FiscalYearDataStoreTests.swift */ = {isa = PBXFileReference; lastKnownFileType = sourcecode.swift; path = FiscalYearDataStoreTests.swift; sourceTree = "<group>"; };
		98FA3127B4B30EDEAE075140 /* Models.swift */ = {isa = PBXFileReference; lastKnownFileType = sourcecode.swift; path = Models.swift; sourceTree = "<group>"; };
		9BF6EC77336C24CB1D402ADB /* AccountingBootstrapTests.swift */ = {isa = PBXFileReference; lastKnownFileType = sourcecode.swift; path = AccountingBootstrapTests.swift; sourceTree = "<group>"; };
		9F74BEACCF4A16FD3FC8CD08 /* InventoryViewModel.swift */ = {isa = PBXFileReference; lastKnownFileType = sourcecode.swift; path = InventoryViewModel.swift; sourceTree = "<group>"; };
		9F918B102BD92DC5CEFA2707 /* DataStore+Inventory.swift */ = {isa = PBXFileReference; lastKnownFileType = sourcecode.swift; path = "DataStore+Inventory.swift"; sourceTree = "<group>"; };
		A26A9A40B78F9BD54A7D0A3B /* JournalDetailView.swift */ = {isa = PBXFileReference; lastKnownFileType = sourcecode.swift; path = JournalDetailView.swift; sourceTree = "<group>"; };
		A2BD6BCFF65CF564F7B34EBF /* EtaxExportView.swift */ = {isa = PBXFileReference; lastKnownFileType = sourcecode.swift; path = EtaxExportView.swift; sourceTree = "<group>"; };
		A3F32CF760CF0721880BE588 /* TaxCategoryTests.swift */ = {isa = PBXFileReference; lastKnownFileType = sourcecode.swift; path = TaxCategoryTests.swift; sourceTree = "<group>"; };
		A4F9CAEBBA2E6CF2E58E2161 /* AppColors.swift */ = {isa = PBXFileReference; lastKnownFileType = sourcecode.swift; path = AppColors.swift; sourceTree = "<group>"; };
		A85E8F127C73C4B57189CD14 /* LedgerView.swift */ = {isa = PBXFileReference; lastKnownFileType = sourcecode.swift; path = LedgerView.swift; sourceTree = "<group>"; };
		AB1BEEBA997B710224C4E2C6 /* AccountingEngineTests.swift */ = {isa = PBXFileReference; lastKnownFileType = sourcecode.swift; path = AccountingEngineTests.swift; sourceTree = "<group>"; };
		AC7B430A76A9001283F6D7BE /* TaxYear2025.json */ = {isa = PBXFileReference; lastKnownFileType = text.json; path = TaxYear2025.json; sourceTree = "<group>"; };
		AD243CA8A1EAC52C78410E8C /* PPInventoryRecordTests.swift */ = {isa = PBXFileReference; lastKnownFileType = sourcecode.swift; path = PPInventoryRecordTests.swift; sourceTree = "<group>"; };
		AD9EEA7953AF58102E6EB50B /* PPInventoryRecord.swift */ = {isa = PBXFileReference; lastKnownFileType = sourcecode.swift; path = PPInventoryRecord.swift; sourceTree = "<group>"; };
		B268E6040466082E8728F32F /* ContentView.swift */ = {isa = PBXFileReference; lastKnownFileType = sourcecode.swift; path = ContentView.swift; sourceTree = "<group>"; };
		B2CF5153DAA9F3380CBA50A7 /* ClosingEntryTests.swift */ = {isa = PBXFileReference; lastKnownFileType = sourcecode.swift; path = ClosingEntryTests.swift; sourceTree = "<group>"; };
		B655CC608E618292BD875311 /* DataStoreAccountingTests.swift */ = {isa = PBXFileReference; lastKnownFileType = sourcecode.swift; path = DataStoreAccountingTests.swift; sourceTree = "<group>"; };
		B92757DCD6E7DF42308CE741 /* ReceiptDateExtractionTests.swift */ = {isa = PBXFileReference; lastKnownFileType = sourcecode.swift; path = ReceiptDateExtractionTests.swift; sourceTree = "<group>"; };
		BA5B687F55BE7167FE6A6C0C /* ReceiptScannerView.swift */ = {isa = PBXFileReference; lastKnownFileType = sourcecode.swift; path = ReceiptScannerView.swift; sourceTree = "<group>"; };
		BB232AA65A4C5F8F6DCDFE7E /* DashboardView.swift */ = {isa = PBXFileReference; lastKnownFileType = sourcecode.swift; path = DashboardView.swift; sourceTree = "<group>"; };
		BB4A883A43EE4AEAF39CD780 /* FixedAssetDetailView.swift */ = {isa = PBXFileReference; lastKnownFileType = sourcecode.swift; path = FixedAssetDetailView.swift; sourceTree = "<group>"; };
		BC1EFA9D67C87D6E761C316B /* UtilitiesTests.swift */ = {isa = PBXFileReference; lastKnownFileType = sourcecode.swift; path = UtilitiesTests.swift; sourceTree = "<group>"; };
		C5D94596F280C6EADB2814B7 /* AccountingConstantsTests.swift */ = {isa = PBXFileReference; lastKnownFileType = sourcecode.swift; path = AccountingConstantsTests.swift; sourceTree = "<group>"; };
		CBD99BA5BD156A24FBFB28A3 /* InventoryService.swift */ = {isa = PBXFileReference; lastKnownFileType = sourcecode.swift; path = InventoryService.swift; sourceTree = "<group>"; };
		CF0A86F0677FFFDD0CAE723A /* ProRataDataStoreTests.swift */ = {isa = PBXFileReference; lastKnownFileType = sourcecode.swift; path = ProRataDataStoreTests.swift; sourceTree = "<group>"; };
		D1DE5D4ACB80AB72BCC7C309 /* FixedAssetScheduleView.swift */ = {isa = PBXFileReference; lastKnownFileType = sourcecode.swift; path = FixedAssetScheduleView.swift; sourceTree = "<group>"; };
		D1DEE3EB8F773CD2BED2F0A6 /* PPAccountingProfile.swift */ = {isa = PBXFileReference; lastKnownFileType = sourcecode.swift; path = PPAccountingProfile.swift; sourceTree = "<group>"; };
		D20ACAF3A2BDB69B0CE28F02 /* DataStoreCRUDTests.swift */ = {isa = PBXFileReference; lastKnownFileType = sourcecode.swift; path = DataStoreCRUDTests.swift; sourceTree = "<group>"; };
		D2FB74A0CA5C604E4D9817FA /* ProjectsViewModel.swift */ = {isa = PBXFileReference; lastKnownFileType = sourcecode.swift; path = ProjectsViewModel.swift; sourceTree = "<group>"; };
		D457467467CE1C760BA893F7 /* Utilities.swift */ = {isa = PBXFileReference; lastKnownFileType = sourcecode.swift; path = Utilities.swift; sourceTree = "<group>"; };
		D4F3BDCB029F505713916303 /* TransactionsViewModel.swift */ = {isa = PBXFileReference; lastKnownFileType = sourcecode.swift; path = TransactionsViewModel.swift; sourceTree = "<group>"; };
		D57A55B947211762FFEBFEA4 /* PPJournalEntry.swift */ = {isa = PBXFileReference; lastKnownFileType = sourcecode.swift; path = PPJournalEntry.swift; sourceTree = "<group>"; };
		D85A7C833F25E01DEEF74A6A /* AccountingReportServiceTests.swift */ = {isa = PBXFileReference; lastKnownFileType = sourcecode.swift; path = AccountingReportServiceTests.swift; sourceTree = "<group>"; };
		DBA4945543C8EB15B3D169CE /* TransactionsView.swift */ = {isa = PBXFileReference; lastKnownFileType = sourcecode.swift; path = TransactionsView.swift; sourceTree = "<group>"; };
		DD5A05D726608E686172E9AF /* ReportViewModel.swift */ = {isa = PBXFileReference; lastKnownFileType = sourcecode.swift; path = ReportViewModel.swift; sourceTree = "<group>"; };
		E0671667B0F07D24016A0F4F /* TrialBalanceView.swift */ = {isa = PBXFileReference; lastKnownFileType = sourcecode.swift; path = TrialBalanceView.swift; sourceTree = "<group>"; };
		E36B3E39C115B30D51EE941D /* ProRataTests.swift */ = {isa = PBXFileReference; lastKnownFileType = sourcecode.swift; path = ProRataTests.swift; sourceTree = "<group>"; };
		E381DD792F5D179A094CB2F9 /* ModelsTests.swift */ = {isa = PBXFileReference; lastKnownFileType = sourcecode.swift; path = ModelsTests.swift; sourceTree = "<group>"; };
		E492A94505D146E7B87B871D /* FiscalYearSettings.swift */ = {isa = PBXFileReference; lastKnownFileType = sourcecode.swift; path = FiscalYearSettings.swift; sourceTree = "<group>"; };
		E4FE6147CA6556C0ACC0686A /* RecurringViewModel.swift */ = {isa = PBXFileReference; lastKnownFileType = sourcecode.swift; path = RecurringViewModel.swift; sourceTree = "<group>"; };
		E6DE69D5ED07599981786FE9 /* TransactionDetailView.swift */ = {isa = PBXFileReference; lastKnownFileType = sourcecode.swift; path = TransactionDetailView.swift; sourceTree = "<group>"; };
		EA20ECDFDE39DCAC5AB62037 /* EtaxModels.swift */ = {isa = PBXFileReference; lastKnownFileType = sourcecode.swift; path = EtaxModels.swift; sourceTree = "<group>"; };
		EDD703240DA9BB70B04A8364 /* ClassificationViewModel.swift */ = {isa = PBXFileReference; lastKnownFileType = sourcecode.swift; path = ClassificationViewModel.swift; sourceTree = "<group>"; };
		EF08874636AC1F860CC8E586 /* EtaxCharacterValidator.swift */ = {isa = PBXFileReference; lastKnownFileType = sourcecode.swift; path = EtaxCharacterValidator.swift; sourceTree = "<group>"; };
		EF5C1E62DDD3291254471BE4 /* ClassificationLearningService.swift */ = {isa = PBXFileReference; lastKnownFileType = sourcecode.swift; path = ClassificationLearningService.swift; sourceTree = "<group>"; };
		F0EE00EFF66B281A5CDB89FE /* TransactionFormView.swift */ = {isa = PBXFileReference; lastKnownFileType = sourcecode.swift; path = TransactionFormView.swift; sourceTree = "<group>"; };
		F1052AB7B6FA648C63657462 /* RecurringHistoryView.swift */ = {isa = PBXFileReference; lastKnownFileType = sourcecode.swift; path = RecurringHistoryView.swift; sourceTree = "<group>"; };
		F126C85ED8A53E7BD4AC6CDF /* PlannedEndDateTests.swift */ = {isa = PBXFileReference; lastKnownFileType = sourcecode.swift; path = PlannedEndDateTests.swift; sourceTree = "<group>"; };
		F471CBD91226D97CB8AA45D7 /* EtaxExportViewModel.swift */ = {isa = PBXFileReference; lastKnownFileType = sourcecode.swift; path = EtaxExportViewModel.swift; sourceTree = "<group>"; };
		F49F981391FCA44E6C8AB6D5 /* AccountingEngine.swift */ = {isa = PBXFileReference; lastKnownFileType = sourcecode.swift; path = AccountingEngine.swift; sourceTree = "<group>"; };
		F5F20D3968976665CD0C5B94 /* RegexReceiptParserLineItemTests.swift */ = {isa = PBXFileReference; lastKnownFileType = sourcecode.swift; path = RegexReceiptParserLineItemTests.swift; sourceTree = "<group>"; };
		F7BDC7F4EE35DED4B240401C /* EtaxFieldPopulatorTests.swift */ = {isa = PBXFileReference; lastKnownFileType = sourcecode.swift; path = EtaxFieldPopulatorTests.swift; sourceTree = "<group>"; };
		F802F5C7AA1F5737AB6F5862 /* AccountingReportService.swift */ = {isa = PBXFileReference; lastKnownFileType = sourcecode.swift; path = AccountingReportService.swift; sourceTree = "<group>"; };
		F99B1D02EFBCB0EE2D7689AD /* ProjectProfitTests.xctest */ = {isa = PBXFileReference; includeInIndex = 0; lastKnownFileType = wrapper.cfbundle; path = ProjectProfitTests.xctest; sourceTree = BUILT_PRODUCTS_DIR; };
		FA45AA8BF6750163056CEB85 /* InventoryInputView.swift */ = {isa = PBXFileReference; lastKnownFileType = sourcecode.swift; path = InventoryInputView.swift; sourceTree = "<group>"; };
		FA5F73D5B08B73D7E16CE256 /* AccountingHomeViewModel.swift */ = {isa = PBXFileReference; lastKnownFileType = sourcecode.swift; path = AccountingHomeViewModel.swift; sourceTree = "<group>"; };
		FAA64290ACD6A71147683711 /* DataStoreFixedAssetTests.swift */ = {isa = PBXFileReference; lastKnownFileType = sourcecode.swift; path = DataStoreFixedAssetTests.swift; sourceTree = "<group>"; };
		FCC59103F6625E2725107249 /* ProjectDetailView.swift */ = {isa = PBXFileReference; lastKnownFileType = sourcecode.swift; path = ProjectDetailView.swift; sourceTree = "<group>"; };
		FF9988639C5530093B18A96C /* ClassificationDictionary.json */ = {isa = PBXFileReference; lastKnownFileType = text.json; path = ClassificationDictionary.json; sourceTree = "<group>"; };
		FFCB8FC1C6ACB85985794E9A /* DataStore+FixedAsset.swift */ = {isa = PBXFileReference; lastKnownFileType = sourcecode.swift; path = "DataStore+FixedAsset.swift"; sourceTree = "<group>"; };
/* End PBXFileReference section */

/* Begin PBXGroup section */
		05021F7AF41C96C9B69CC865 /* Views */ = {
			isa = PBXGroup;
			children = (
				B268E6040466082E8728F32F /* ContentView.swift */,
				65B566E7E88A1CB20512DC62 /* Accounting */,
				16C4BBB8D8D0C3031DC7FD0C /* Components */,
				33D3FAF96BE07E0CA82B5A08 /* Dashboard */,
				15D524137E1B28F197757009 /* Projects */,
				611B2E8F0216F0C29BE28231 /* Receipt */,
				2C806E2EB4C3A720F6F01427 /* Recurring */,
				1AEB3D44FF0D40378A34EA40 /* Report */,
				5EC4B53E48F60EB26B929027 /* Settings */,
				14CBB32DD2261F9F6EF60780 /* Transactions */,
			);
			path = Views;
			sourceTree = "<group>";
		};
		14CBB32DD2261F9F6EF60780 /* Transactions */ = {
			isa = PBXGroup;
			children = (
				E6DE69D5ED07599981786FE9 /* TransactionDetailView.swift */,
				DBA4945543C8EB15B3D169CE /* TransactionsView.swift */,
			);
			path = Transactions;
			sourceTree = "<group>";
		};
		15D524137E1B28F197757009 /* Projects */ = {
			isa = PBXGroup;
			children = (
				FCC59103F6625E2725107249 /* ProjectDetailView.swift */,
				887103837A9505D7A09E6069 /* ProjectsView.swift */,
			);
			path = Projects;
			sourceTree = "<group>";
		};
		16C4BBB8D8D0C3031DC7FD0C /* Components */ = {
			isa = PBXGroup;
			children = (
				12EF8C4694C912049032BA0D /* AccountPickerView.swift */,
				42039D8715E69297CAB8D284 /* CategoryManageView.swift */,
				492371A3D955705C4D79A8B3 /* FilterView.swift */,
				34972547443B4D43E57421DF /* NotificationSettingsView.swift */,
				2CD8A10AEB255406F2B83859 /* ProjectFormView.swift */,
				68A730340E6F8E2FD3BBEB66 /* RecurringFormSections.swift */,
				54A95C3D59FD40A677B5178C /* RecurringFormView.swift */,
				5273FAA0BAD7422131AD519A /* TaxDeductibleRateView.swift */,
				F0EE00EFF66B281A5CDB89FE /* TransactionFormView.swift */,
			);
			path = Components;
			sourceTree = "<group>";
		};
		1AEB3D44FF0D40378A34EA40 /* Report */ = {
			isa = PBXGroup;
			children = (
				4D17B9A5B0C5D7BBA98F8895 /* ReportView.swift */,
			);
			path = Report;
			sourceTree = "<group>";
		};
		247A5852B2C4B22B7BDA8CA2 /* ProjectProfitTests */ = {
			isa = PBXGroup;
			children = (
				9BF6EC77336C24CB1D402ADB /* AccountingBootstrapTests.swift */,
				C5D94596F280C6EADB2814B7 /* AccountingConstantsTests.swift */,
				AB1BEEBA997B710224C4E2C6 /* AccountingEngineTests.swift */,
				799EA76468714F564BC67778 /* AccountingIntegrationTests.swift */,
				5A1B6616EFC0F3ADE814BA23 /* AccountingPerformanceTests.swift */,
				D85A7C833F25E01DEEF74A6A /* AccountingReportServiceTests.swift */,
				8EF904D8494972942BD98EA7 /* ClassificationDictionaryLoaderTests.swift */,
				046CF8407E0186AEDFDDDE3E /* ClassificationEngineTests.swift */,
				1F1FF5929497BB0814139068 /* ClassificationLearningServiceTests.swift */,
				B2CF5153DAA9F3380CBA50A7 /* ClosingEntryTests.swift */,
				262217A76BEF2C2D204E0105 /* ConsumptionTaxReportServiceTests.swift */,
				B655CC608E618292BD875311 /* DataStoreAccountingTests.swift */,
				D20ACAF3A2BDB69B0CE28F02 /* DataStoreCRUDTests.swift */,
				FAA64290ACD6A71147683711 /* DataStoreFixedAssetTests.swift */,
				A1D6E4C2B9F04A1C8D7E6F51 /* DataStoreInventoryTests.swift */,
				5532FFAAEC276A9776BB1855 /* DataStoreSummaryTests.swift */,
				890651B2C97C4594F40FE15C /* DepreciationEngineTests.swift */,
				2895FAC055FE1C89F1A0D8C6 /* DepreciationScheduleBuilderTests.swift */,
				42B036D59EB3893B15E6B07E /* EtaxCharacterValidatorTests.swift */,
				F7BDC7F4EE35DED4B240401C /* EtaxFieldPopulatorTests.swift */,
				46CF94A1C45956F232FA2153 /* EtaxXtxExporterTests.swift */,
				967AACD0E99E858FF6BAF046 /* FiscalYearDataStoreTests.swift */,
				67BD4168BBEA56AEFAE018A4 /* FiscalYearUtilitiesTests.swift */,
				2B90CAF206FD0EF1801E6886 /* InventoryServiceTests.swift */,
				A1D6E4C2B9F04A1C8D7E6F52 /* InventoryViewModelTests.swift */,
				3D5B2F6990993B64C0491769 /* JournalValidationTests.swift */,
				2AD4A493F79541BF4E5906DF /* LineItemTests.swift */,
				E381DD792F5D179A094CB2F9 /* ModelsTests.swift */,
				17EF5016E24BCB05A7EC3EDD /* MonthlyAmortizationTests.swift */,
				F126C85ED8A53E7BD4AC6CDF /* PlannedEndDateTests.swift */,
				792A2D7C114938078C2AA7E7 /* PPAccountingProfileTests.swift */,
				6F9A15808C098E786B0B27BA /* PPAccountTests.swift */,
				AD243CA8A1EAC52C78410E8C /* PPInventoryRecordTests.swift */,
				62A79A537D36323D347FEB53 /* PPJournalEntryTests.swift */,
				CF0A86F0677FFFDD0CAE723A /* ProRataDataStoreTests.swift */,
				E36B3E39C115B30D51EE941D /* ProRataTests.swift */,
				0588256EAEF923B2A75B7D52 /* ReceiptAmountExtractionTests.swift */,
				B92757DCD6E7DF42308CE741 /* ReceiptDateExtractionTests.swift */,
				0780371B937F949A496304F6 /* ReceiptImageStoreTests.swift */,
				8BA7DAC6D4DF4B24C0C7FDDA /* ReceiptStoreNameExtractionTests.swift */,
				2B9533EBD75C0132D1F9B6FB /* RecurringProcessingTests.swift */,
				F5F20D3968976665CD0C5B94 /* RegexReceiptParserLineItemTests.swift */,
				0769B7DE6FC53BB20D7CA4FE /* ShushiNaiyakushoBuilderTests.swift */,
				A3F32CF760CF0721880BE588 /* TaxCategoryTests.swift */,
				3A13C0560EA3E79F5A8D8CAE /* TaxYearDefinitionLoaderTests.swift */,
				2CC302CCC2D662F715B7F9BD /* TransactionHistoryTests.swift */,
				75764716F068DE86C44F0E0C /* TransactionsViewModelTests.swift */,
				BC1EFA9D67C87D6E761C316B /* UtilitiesTests.swift */,
				93E54EDD1D1AA5F7F78EE06F /* YearLockTests.swift */,
			);
			path = ProjectProfitTests;
			sourceTree = "<group>";
		};
		2C806E2EB4C3A720F6F01427 /* Recurring */ = {
			isa = PBXGroup;
			children = (
				F1052AB7B6FA648C63657462 /* RecurringHistoryView.swift */,
				0E00231725E1D3A746430A2E /* RecurringView.swift */,
			);
			path = Recurring;
			sourceTree = "<group>";
		};
		33D3FAF96BE07E0CA82B5A08 /* Dashboard */ = {
			isa = PBXGroup;
			children = (
				BB232AA65A4C5F8F6DCDFE7E /* DashboardView.swift */,
			);
			path = Dashboard;
			sourceTree = "<group>";
		};
		3E7B670F522DFA7E7D82C25E /* ProjectProfit */ = {
			isa = PBXGroup;
			children = (
				6F1EE749033BC542E74BF32E /* Assets.xcassets */,
				7DA7BFF7AC521FFFE0C4FAF2 /* ProjectProfitApp.swift */,
				C4C04389EF09D7EA653244C7 /* Models */,
				FEE8A4AFCFE0DA5A5390813B /* Preview Content */,
				55136CC3655EA890665CA0D5 /* Resources */,
				A5FFC3DA2C47CB748C5D6D24 /* Services */,
				8E43F654C0B1947E65A01749 /* Utilities */,
				D6870B5CBAB706D52DC4F419 /* ViewModels */,
				05021F7AF41C96C9B69CC865 /* Views */,
			);
			path = ProjectProfit;
			sourceTree = "<group>";
		};
		55136CC3655EA890665CA0D5 /* Resources */ = {
			isa = PBXGroup;
			children = (
				FF9988639C5530093B18A96C /* ClassificationDictionary.json */,
				AC7B430A76A9001283F6D7BE /* TaxYear2025.json */,
			);
			path = Resources;
			sourceTree = "<group>";
		};
		5EC4B53E48F60EB26B929027 /* Settings */ = {
			isa = PBXGroup;
			children = (
				063EFCA0B42593E3955E14F0 /* ProfileSettingsView.swift */,
				5FD1C84FE098A8618BABEA70 /* SettingsView.swift */,
			);
			path = Settings;
			sourceTree = "<group>";
		};
		611B2E8F0216F0C29BE28231 /* Receipt */ = {
			isa = PBXGroup;
			children = (
				65CACC3B06EAC1F6470A1CD0 /* LineItemsEditView.swift */,
				377773E068F3BBD166D84F98 /* ReceiptImagePreviewView.swift */,
				1C23EF9E9AE689ED1638AE67 /* ReceiptReviewView.swift */,
				BA5B687F55BE7167FE6A6C0C /* ReceiptScannerView.swift */,
			);
			path = Receipt;
			sourceTree = "<group>";
		};
		65B566E7E88A1CB20512DC62 /* Accounting */ = {
			isa = PBXGroup;
			children = (
				13E947FC8169EFB31E91DF6C /* AccountingHomeView.swift */,
				14DEA463C1A8E91D749B97FA /* AccountingPlaceholders.swift */,
				810DB88C87FA534A241E9C46 /* BalanceSheetView.swift */,
				04B1BBC3CC594252AB5A8A96 /* CategoryAccountMappingView.swift */,
				11C668D59097F6560A32737C /* ChartOfAccountsView.swift */,
				8900FEB6E94D966A7EFE8568 /* ClosingEntryView.swift */,
				A2BD6BCFF65CF564F7B34EBF /* EtaxExportView.swift */,
				747668B983D212027E8841B1 /* EtaxFormPreviewView.swift */,
				BB4A883A43EE4AEAF39CD780 /* FixedAssetDetailView.swift */,
				0DB6C0212CAA8A0763630E56 /* FixedAssetFormView.swift */,
				2EF535C7D5846F8B4FF2DBCA /* FixedAssetListView.swift */,
				D1DE5D4ACB80AB72BCC7C309 /* FixedAssetScheduleView.swift */,
				FA45AA8BF6750163056CEB85 /* InventoryInputView.swift */,
				A26A9A40B78F9BD54A7D0A3B /* JournalDetailView.swift */,
				79D2C1C6987F9CA1FFF101F7 /* JournalListView.swift */,
				A85E8F127C73C4B57189CD14 /* LedgerView.swift */,
				8EA1D0763CA8B60E2F9A314F /* ManualJournalFormView.swift */,
				162701FC3C7E121720D50BF0 /* ProfitLossView.swift */,
				E0671667B0F07D24016A0F4F /* TrialBalanceView.swift */,
				505F73585E64CE23BA2E1C2E /* UnclassifiedTransactionsView.swift */,
			);
			path = Accounting;
			sourceTree = "<group>";
		};
		8E43F654C0B1947E65A01749 /* Utilities */ = {
			isa = PBXGroup;
			children = (
				A4F9CAEBBA2E6CF2E58E2161 /* AppColors.swift */,
				E492A94505D146E7B87B871D /* FiscalYearSettings.swift */,
				38B4EC968815AE6D58800484 /* FiscalYearUtilities.swift */,
				D457467467CE1C760BA893F7 /* Utilities.swift */,
			);
			path = Utilities;
			sourceTree = "<group>";
		};
		958A9A9F4B50A1137DA86168 /* Products */ = {
			isa = PBXGroup;
			children = (
				52623B849DAB74FB8521FE1C /* ProjectProfit.app */,
				F99B1D02EFBCB0EE2D7689AD /* ProjectProfitTests.xctest */,
			);
			name = Products;
			sourceTree = "<group>";
		};
		A5FFC3DA2C47CB748C5D6D24 /* Services */ = {
			isa = PBXGroup;
			children = (
				6C6532DB8C31AE2C49E00DF4 /* AccountingBootstrapService.swift */,
				41157D8BF0B2CB3B47AEC6C8 /* AccountingConstants.swift */,
				F49F981391FCA44E6C8AB6D5 /* AccountingEngine.swift */,
				F802F5C7AA1F5737AB6F5862 /* AccountingReportService.swift */,
				0E82AE221FF384FA7F76E653 /* AppError.swift */,
				3EC125DE67228872FCB99375 /* ClassificationDictionaryLoader.swift */,
				458EBDA2EA9235303AC4293A /* ClassificationEngine.swift */,
				EF5C1E62DDD3291254471BE4 /* ClassificationLearningService.swift */,
				445C0F8197A2DC11AB21B377 /* ConsumptionTaxReportService.swift */,
				610093EB192F615E97AD0958 /* DataStore.swift */,
				3575D41E0A72538404C83423 /* DataStore+Accounting.swift */,
				FFCB8FC1C6ACB85985794E9A /* DataStore+FixedAsset.swift */,
				9F918B102BD92DC5CEFA2707 /* DataStore+Inventory.swift */,
				73DEC3D27B47D6315C090581 /* DataStore+YearLock.swift */,
				7D37AF373B8CDC9702649D6D /* DepreciationEngine.swift */,
				066DCD3F546D9686B73B0175 /* DepreciationScheduleBuilder.swift */,
				EF08874636AC1F860CC8E586 /* EtaxCharacterValidator.swift */,
				6DB05900BC8E0AE04CAE0AB4 /* EtaxFieldPopulator.swift */,
				11E41A6DAF372314B8DCBED7 /* EtaxXtxExporter.swift */,
				CBD99BA5BD156A24FBFB28A3 /* InventoryService.swift */,
				939B4BB233225EA40BDF5E4F /* JournalValidationService.swift */,
				44EE0CC65692704E599F3253 /* Logger.swift */,
				12D2CDA98F6E670075284410 /* NotificationService.swift */,
				5A73E9F970A14A82011654E0 /* ReceiptImageStore.swift */,
				04A2B2D3D8EC7CFF1C077573 /* ReceiptScannerService.swift */,
				4657F014A14E1329AA2DD771 /* ShushiNaiyakushoBuilder.swift */,
				50D3EC2BB512E3FB12404BB8 /* TaxYearDefinitionLoader.swift */,
			);
			path = Services;
			sourceTree = "<group>";
		};
		BA1B761AD13397E8642DB9D4 = {
			isa = PBXGroup;
			children = (
				3E7B670F522DFA7E7D82C25E /* ProjectProfit */,
				247A5852B2C4B22B7BDA8CA2 /* ProjectProfitTests */,
				958A9A9F4B50A1137DA86168 /* Products */,
			);
			sourceTree = "<group>";
		};
		C4C04389EF09D7EA653244C7 /* Models */ = {
			isa = PBXGroup;
			children = (
				92FF2528D128BB6E0529334C /* AccountingEnums.swift */,
				95F05C3F35F70CBFC4CB71E2 /* AccountingReportModels.swift */,
				4A5AA45A1A7220535D341440 /* ConsumptionTaxModels.swift */,
				EA20ECDFDE39DCAC5AB62037 /* EtaxModels.swift */,
				98FA3127B4B30EDEAE075140 /* Models.swift */,
				270FDA4E263E19B6DDE753DB /* PPAccount.swift */,
				D1DEE3EB8F773CD2BED2F0A6 /* PPAccountingProfile.swift */,
				7944EFFDA75234E52CD03BF3 /* PPFixedAsset.swift */,
				AD9EEA7953AF58102E6EB50B /* PPInventoryRecord.swift */,
				D57A55B947211762FFEBFEA4 /* PPJournalEntry.swift */,
				8400BE18B0A7F6C8C057A63F /* PPUserRule.swift */,
				4F48559A7F4D6BBE5121CDAF /* ReceiptData.swift */,
				7D1EDD4C7FDEAE71730E3E17 /* TaxLineDefinitions.swift */,
			);
			path = Models;
			sourceTree = "<group>";
		};
		D6870B5CBAB706D52DC4F419 /* ViewModels */ = {
			isa = PBXGroup;
			children = (
				FA5F73D5B08B73D7E16CE256 /* AccountingHomeViewModel.swift */,
				8B02D4F68639CF6A69C01E6F /* AccountingReportViewModel.swift */,
				EDD703240DA9BB70B04A8364 /* ClassificationViewModel.swift */,
				3E91209CB1304D4A3084B775 /* DashboardViewModel.swift */,
				F471CBD91226D97CB8AA45D7 /* EtaxExportViewModel.swift */,
				9F74BEACCF4A16FD3FC8CD08 /* InventoryViewModel.swift */,
				5580B9971CC999A5B7A1396B /* ProjectDetailViewModel.swift */,
				D2FB74A0CA5C604E4D9817FA /* ProjectsViewModel.swift */,
				E4FE6147CA6556C0ACC0686A /* RecurringViewModel.swift */,
				DD5A05D726608E686172E9AF /* ReportViewModel.swift */,
				D4F3BDCB029F505713916303 /* TransactionsViewModel.swift */,
			);
			path = ViewModels;
			sourceTree = "<group>";
		};
		FEE8A4AFCFE0DA5A5390813B /* Preview Content */ = {
			isa = PBXGroup;
			children = (
				30F820BD451D85876D9709F3 /* Preview Assets.xcassets */,
			);
			path = "Preview Content";
			sourceTree = "<group>";
		};
/* End PBXGroup section */

/* Begin PBXNativeTarget section */
		B0EC5EFA88C12CE310144BE3 /* ProjectProfit */ = {
			isa = PBXNativeTarget;
			buildConfigurationList = 52D3B5AC8708925D369A7D6A /* Build configuration list for PBXNativeTarget "ProjectProfit" */;
			buildPhases = (
				9D051B73DF64173E218AC2CA /* Sources */,
				59110177D8540989E7C4E121 /* Resources */,
			);
			buildRules = (
			);
			dependencies = (
			);
			name = ProjectProfit;
			packageProductDependencies = (
			);
			productName = ProjectProfit;
			productReference = 52623B849DAB74FB8521FE1C /* ProjectProfit.app */;
			productType = "com.apple.product-type.application";
		};
		CEBE2334F607ECBED5AC3038 /* ProjectProfitTests */ = {
			isa = PBXNativeTarget;
			buildConfigurationList = E154D890BB879A9B74148D16 /* Build configuration list for PBXNativeTarget "ProjectProfitTests" */;
			buildPhases = (
				DE88DC55738894A8FB41BE67 /* Sources */,
			);
			buildRules = (
			);
			dependencies = (
				616A7F93446BF11518B8BFB2 /* PBXTargetDependency */,
			);
			name = ProjectProfitTests;
			packageProductDependencies = (
			);
			productName = ProjectProfitTests;
			productReference = F99B1D02EFBCB0EE2D7689AD /* ProjectProfitTests.xctest */;
			productType = "com.apple.product-type.bundle.unit-test";
		};
/* End PBXNativeTarget section */

/* Begin PBXProject section */
		B57DFC77CA54255F00E8E08F /* Project object */ = {
			isa = PBXProject;
			attributes = {
				BuildIndependentTargetsInParallel = YES;
				LastUpgradeCheck = 1600;
				TargetAttributes = {
					B0EC5EFA88C12CE310144BE3 = {
						DevelopmentTeam = 52PPJXD67Z;
						ProvisioningStyle = Automatic;
					};
					CEBE2334F607ECBED5AC3038 = {
						DevelopmentTeam = 52PPJXD67Z;
						ProvisioningStyle = Automatic;
					};
				};
			};
			buildConfigurationList = 799C09523F6D50068D64BE56 /* Build configuration list for PBXProject "ProjectProfit" */;
			compatibilityVersion = "Xcode 14.0";
			developmentRegion = ja;
			hasScannedForEncodings = 0;
			knownRegions = (
				Base,
				ja,
			);
			mainGroup = BA1B761AD13397E8642DB9D4;
			minimizedProjectReferenceProxies = 1;
			preferredProjectObjectVersion = 77;
			projectDirPath = "";
			projectRoot = "";
			targets = (
				B0EC5EFA88C12CE310144BE3 /* ProjectProfit */,
				CEBE2334F607ECBED5AC3038 /* ProjectProfitTests */,
			);
		};
/* End PBXProject section */

/* Begin PBXResourcesBuildPhase section */
		59110177D8540989E7C4E121 /* Resources */ = {
			isa = PBXResourcesBuildPhase;
			buildActionMask = 2147483647;
			files = (
				BC467E6FAA99381375E374E6 /* Assets.xcassets in Resources */,
				16F3EC7043FFF8EA2A120A9D /* ClassificationDictionary.json in Resources */,
				25111A7F5C96D87106EB4F03 /* Preview Assets.xcassets in Resources */,
				3F81648CE6B6C8EEB38F5061 /* TaxYear2025.json in Resources */,
			);
			runOnlyForDeploymentPostprocessing = 0;
		};
/* End PBXResourcesBuildPhase section */

/* Begin PBXSourcesBuildPhase section */
		9D051B73DF64173E218AC2CA /* Sources */ = {
			isa = PBXSourcesBuildPhase;
			buildActionMask = 2147483647;
			files = (
				BB07EB3B607981D53DEB764C /* AccountPickerView.swift in Sources */,
				2F6713F8F73AC21C5C621B84 /* AccountingBootstrapService.swift in Sources */,
				AC725EBA7F360D35CD05F958 /* AccountingConstants.swift in Sources */,
				FC510C2377B9CF857CD6246D /* AccountingEngine.swift in Sources */,
				D49920D4B8FF11933AE800FD /* AccountingEnums.swift in Sources */,
				34DCC6481837F9F8E2A8F38F /* AccountingHomeView.swift in Sources */,
				822CA6C0CE76691B4ACE7EA6 /* AccountingHomeViewModel.swift in Sources */,
				66804220F004CF71C0B7CE54 /* AccountingPlaceholders.swift in Sources */,
				C6412F4C0BE248E0FFAE662E /* AccountingReportModels.swift in Sources */,
				C23010E9B52F11EB71107106 /* AccountingReportService.swift in Sources */,
				CD6E001D97B6CC35105E284E /* AccountingReportViewModel.swift in Sources */,
				8B96D397508889B28E10BA50 /* AppColors.swift in Sources */,
				F924271069F2DA74FA3BED88 /* AppError.swift in Sources */,
				A986FC4084308ECB14FDDFD2 /* BalanceSheetView.swift in Sources */,
				C3F1925BBB12C929C48B4FC6 /* CategoryAccountMappingView.swift in Sources */,
				AF81A27AC659B89B013EB08E /* CategoryManageView.swift in Sources */,
				3E08B591F57C29C3DE943E27 /* ChartOfAccountsView.swift in Sources */,
				A3554F366243E274179FE445 /* ClassificationDictionaryLoader.swift in Sources */,
				622BF62EFA333BB2AF1ABC44 /* ClassificationEngine.swift in Sources */,
				B406406FAA82862A8DAD352C /* ClassificationLearningService.swift in Sources */,
				3F7DA71D94FDEB02CC669598 /* ClassificationViewModel.swift in Sources */,
				F6599B357AEDC414141C79BD /* ClosingEntryView.swift in Sources */,
				C2E04FB98B28A5B55A5C517C /* ConsumptionTaxModels.swift in Sources */,
				715C76DA8E9645EB17B94EE3 /* ConsumptionTaxReportService.swift in Sources */,
				15C3406EAD1EA893B08CE120 /* ContentView.swift in Sources */,
				4A660936ADB34701EBE51C99 /* DashboardView.swift in Sources */,
				322AC79A8821683E12BF8B7A /* DashboardViewModel.swift in Sources */,
				03C78E4C2D38E04E8AB87698 /* DataStore+Accounting.swift in Sources */,
				67C2255E0EEE3D57D34844FC /* DataStore+FixedAsset.swift in Sources */,
				A215E4F0578D0839D1839EF0 /* DataStore+Inventory.swift in Sources */,
				C6EB9D48BD2E556B3F3ECDC1 /* DataStore+YearLock.swift in Sources */,
				1B2EF17F93ECE69AAF4669A5 /* DataStore.swift in Sources */,
				EABA4BCBD9D977430ADBEDF5 /* DepreciationEngine.swift in Sources */,
				0A04B4422D6E2850DD6521E5 /* DepreciationScheduleBuilder.swift in Sources */,
				D1A48379B4382AEF91B353DF /* EtaxCharacterValidator.swift in Sources */,
				7920C7F507F5437779BB9840 /* EtaxExportView.swift in Sources */,
				A6B791E8028C25B01084B7FF /* EtaxExportViewModel.swift in Sources */,
				2CFAE2A8338D21011D90BE84 /* EtaxFieldPopulator.swift in Sources */,
				F4C70B91C641BB9BEFF0893E /* EtaxFormPreviewView.swift in Sources */,
				E6CEF7EF5B6B86314F214EF1 /* EtaxModels.swift in Sources */,
				DC81EEFAC90B02F31102939C /* EtaxXtxExporter.swift in Sources */,
				4B00EB6CD0A678CD72B720C8 /* FilterView.swift in Sources */,
				4DBF9C4ECD2A5C5B37E991F4 /* FiscalYearSettings.swift in Sources */,
				74C99EA1C92D9E8A2B6E751D /* FiscalYearUtilities.swift in Sources */,
				B03E20A54B2857646CD33E57 /* FixedAssetDetailView.swift in Sources */,
				727CC872EFD804BC8B5CE408 /* FixedAssetFormView.swift in Sources */,
				7A483D9D780F743EABB9CDA1 /* FixedAssetListView.swift in Sources */,
				ED10F1EDDE1B2BC6D69A857E /* FixedAssetScheduleView.swift in Sources */,
				44E777694B741CB7A49DCF5E /* InventoryInputView.swift in Sources */,
				F96E9B9168D3EA9D7100D7A8 /* InventoryService.swift in Sources */,
				57360C00716A0E9F65B796CF /* InventoryViewModel.swift in Sources */,
				0BA78C4A0E7322705FB4E292 /* JournalDetailView.swift in Sources */,
				F947CE3D2CC6E409A0A47DBC /* JournalListView.swift in Sources */,
				20859FD1817416822B24AEC4 /* JournalValidationService.swift in Sources */,
				BF3E1FA0B8DC28D8EDCA67BB /* LedgerView.swift in Sources */,
				7928E3314AA1E481FF209308 /* LineItemsEditView.swift in Sources */,
				4FCC939E224F53CF577FDC77 /* Logger.swift in Sources */,
				929AA389D09BB99AC70984C4 /* ManualJournalFormView.swift in Sources */,
				1D77147F4EB78C57378D8B67 /* Models.swift in Sources */,
				51A3D7DC3AA898DB588B2F1A /* NotificationService.swift in Sources */,
				058AB4BEC47177E78A830525 /* NotificationSettingsView.swift in Sources */,
				B18B964C900BF8EC167A6B85 /* PPAccount.swift in Sources */,
				A5874F23FFDEB013B8AB111B /* PPAccountingProfile.swift in Sources */,
				D8663FC3FB9C6FEC17399402 /* PPFixedAsset.swift in Sources */,
				5E3333063DA23EBC3D682C4A /* PPInventoryRecord.swift in Sources */,
				2640BB4C113D2A295E49C6EF /* PPJournalEntry.swift in Sources */,
				FB63D37ABEDDC20AE431671E /* PPUserRule.swift in Sources */,
				26A605E3863307CE4A242392 /* ProfileSettingsView.swift in Sources */,
				1617D74CAEE6D12F5D060246 /* ProfitLossView.swift in Sources */,
				2B259B9648AE76FD3ADAC41D /* ProjectDetailView.swift in Sources */,
				5587567D731B881DDA4792D2 /* ProjectDetailViewModel.swift in Sources */,
				CA46C06F0745309F9C06F7E2 /* ProjectFormView.swift in Sources */,
				2F24C6589293A53F5466EEF9 /* ProjectProfitApp.swift in Sources */,
				B818661117168F518730C7EF /* ProjectsView.swift in Sources */,
				E93C8CBF074012BDC3500DF8 /* ProjectsViewModel.swift in Sources */,
				DA095F7502423FBE9AE8CA74 /* ReceiptData.swift in Sources */,
				48AB81554A573721ADD996A3 /* ReceiptImagePreviewView.swift in Sources */,
				C0C01CE05331DD8AF903F0B2 /* ReceiptImageStore.swift in Sources */,
				8474293679CF3D6378432F87 /* ReceiptReviewView.swift in Sources */,
				5AC5054322DA67C9B4B446D1 /* ReceiptScannerService.swift in Sources */,
				78A242ABB1E30EF85820B85D /* ReceiptScannerView.swift in Sources */,
				45587545F87159D43F9FE91C /* RecurringFormSections.swift in Sources */,
				5B1D744286736A44CD4F348B /* RecurringFormView.swift in Sources */,
				39CC5ECB765D5675EA125728 /* RecurringHistoryView.swift in Sources */,
				B7D56AA504FC8B33248CCCA3 /* RecurringView.swift in Sources */,
				7EDFE8EB3B9EA69B30D1081C /* RecurringViewModel.swift in Sources */,
				7C2DDB9E0E7776F72926264A /* ReportView.swift in Sources */,
				CE3691D8B5A4F61C83BFBC22 /* ReportViewModel.swift in Sources */,
				722EABBD2C414B8BE300071D /* SettingsView.swift in Sources */,
				463E08A62094EC3835DC5B0B /* ShushiNaiyakushoBuilder.swift in Sources */,
				90F5E77D7634D95237978705 /* TaxDeductibleRateView.swift in Sources */,
				826304BF5CCC7F0E00C94C16 /* TaxLineDefinitions.swift in Sources */,
				8C53FA7479951D1C61F6D2E8 /* TaxYearDefinitionLoader.swift in Sources */,
				2EF27CC2CE8761A9D3EBEBB9 /* TransactionDetailView.swift in Sources */,
				BEB94C9C765A6A0606BD04FE /* TransactionFormView.swift in Sources */,
				BEC6C522762268850E1861B4 /* TransactionsView.swift in Sources */,
				26A0A3B306005337A944815B /* TransactionsViewModel.swift in Sources */,
				FA84390AFE534E9E88591B8E /* TrialBalanceView.swift in Sources */,
				D1559899447F81FAFB1371D8 /* UnclassifiedTransactionsView.swift in Sources */,
				AE176AEF18562606801FC6BA /* Utilities.swift in Sources */,
			);
			runOnlyForDeploymentPostprocessing = 0;
		};
		DE88DC55738894A8FB41BE67 /* Sources */ = {
			isa = PBXSourcesBuildPhase;
			buildActionMask = 2147483647;
			files = (
				4DEC4D862821D94FC7E7DD1B /* AccountingBootstrapTests.swift in Sources */,
				DE9501E0145F7814E4A6739B /* AccountingConstantsTests.swift in Sources */,
				C64DEEBD0A204B6FD7FCA7FC /* AccountingEngineTests.swift in Sources */,
				3FB9B76FCDA7E47480540469 /* AccountingIntegrationTests.swift in Sources */,
				ACE07A4DC9F69190768D3595 /* AccountingPerformanceTests.swift in Sources */,
				0854DAFC0FED5D4D01E0C9CA /* AccountingReportServiceTests.swift in Sources */,
				EEC1FC38DB87E3EBB8C565CF /* ClassificationDictionaryLoaderTests.swift in Sources */,
				CC9A924617E21A756DF55AFE /* ClassificationEngineTests.swift in Sources */,
				176885F5C57800B1A3B765D3 /* ClassificationLearningServiceTests.swift in Sources */,
				F0B54A8C2186A3713A6D456C /* ClosingEntryTests.swift in Sources */,
				663A05DA4524713E9DF2E562 /* ConsumptionTaxReportServiceTests.swift in Sources */,
				DC11EE6A7ED8734EF5CBE0DC /* DataStoreAccountingTests.swift in Sources */,
				20D70E4108CF27C3CE363F91 /* DataStoreCRUDTests.swift in Sources */,
				80C21EFFF606F078639CFEA4 /* DataStoreFixedAssetTests.swift in Sources */,
				A1D6E4C2B9F04A1C8D7E6F53 /* DataStoreInventoryTests.swift in Sources */,
				13B331FCA855B8C13ECAE210 /* DataStoreSummaryTests.swift in Sources */,
				9EF25609A38CD13B28BB620B /* DepreciationEngineTests.swift in Sources */,
				C6121CE58D5A6FC62DF8DED6 /* DepreciationScheduleBuilderTests.swift in Sources */,
				D4283A28E39DEF685AC23BB6 /* EtaxCharacterValidatorTests.swift in Sources */,
				CBB24538A01248F81A8FD2FB /* EtaxFieldPopulatorTests.swift in Sources */,
				74AB37EC01E66E0BA1926417 /* EtaxXtxExporterTests.swift in Sources */,
				53FA302956BD263966CE6873 /* FiscalYearDataStoreTests.swift in Sources */,
				E6E56F16F4D56BA0DBD6D6F0 /* FiscalYearUtilitiesTests.swift in Sources */,
				B4ACDABAD19B2745A3571502 /* InventoryServiceTests.swift in Sources */,
				A1D6E4C2B9F04A1C8D7E6F54 /* InventoryViewModelTests.swift in Sources */,
				2910729067E7F3407730CAE8 /* JournalValidationTests.swift in Sources */,
				B6C6F24C707483A67E2BBB86 /* LineItemTests.swift in Sources */,
				4A8130E3078B559221E684B6 /* ModelsTests.swift in Sources */,
				3BB8D87CAC69CB09F5B6ABC8 /* MonthlyAmortizationTests.swift in Sources */,
				ED4351C3EC3A394128D75B4F /* PPAccountTests.swift in Sources */,
				10C3BD6924BF0CE9DC7FD07D /* PPAccountingProfileTests.swift in Sources */,
				95267AE635883155EE55C8F1 /* PPInventoryRecordTests.swift in Sources */,
				57A2CEEA02D706AC69EC893A /* PPJournalEntryTests.swift in Sources */,
				D347B5E3F43524587D9A1F0E /* PlannedEndDateTests.swift in Sources */,
				9F115E26752B46F9C75F8482 /* ProRataDataStoreTests.swift in Sources */,
				CE599106503E91C5A360DBD2 /* ProRataTests.swift in Sources */,
				A3BB476C9329141A8C0AA6A4 /* ReceiptAmountExtractionTests.swift in Sources */,
				5913C33200280C916177724A /* ReceiptDateExtractionTests.swift in Sources */,
				2F10D4786F8242841B143F3E /* ReceiptImageStoreTests.swift in Sources */,
				FF2599B004C65ACD2567EADF /* ReceiptStoreNameExtractionTests.swift in Sources */,
				D6556BAF29115963203B63D9 /* RecurringProcessingTests.swift in Sources */,
				6F6FC4351375668C83CB9D9C /* RegexReceiptParserLineItemTests.swift in Sources */,
				6FB1494D018E20903B5500DC /* ShushiNaiyakushoBuilderTests.swift in Sources */,
				3D3ED9A607F6D019A24BCA32 /* TaxCategoryTests.swift in Sources */,
				1D31A4FDC8B629D7A039AA80 /* TaxYearDefinitionLoaderTests.swift in Sources */,
				59125D3D62BE2DF4A05C7DA5 /* TransactionHistoryTests.swift in Sources */,
				EB7EDD9DC15BEC76E1A026A8 /* TransactionsViewModelTests.swift in Sources */,
				9A8E241A275149284C5BEA43 /* UtilitiesTests.swift in Sources */,
				152BCD72F73B7FF8FF2DB2A0 /* YearLockTests.swift in Sources */,
			);
			runOnlyForDeploymentPostprocessing = 0;
		};
/* End PBXSourcesBuildPhase section */

/* Begin PBXTargetDependency section */
		616A7F93446BF11518B8BFB2 /* PBXTargetDependency */ = {
			isa = PBXTargetDependency;
			target = B0EC5EFA88C12CE310144BE3 /* ProjectProfit */;
			targetProxy = 8838ED77F2FC9D2BC2224375 /* PBXContainerItemProxy */;
		};
/* End PBXTargetDependency section */

/* Begin XCBuildConfiguration section */
		6FC4687C4E8C5FD0BD5B619E /* Debug */ = {
			isa = XCBuildConfiguration;
			buildSettings = {
				ASSETCATALOG_COMPILER_APPICON_NAME = AppIcon;
				CODE_SIGN_IDENTITY = "iPhone Developer";
				CODE_SIGN_STYLE = Automatic;
				CURRENT_PROJECT_VERSION = 1;
				DEVELOPMENT_ASSET_PATHS = "\"ProjectProfit/Preview Content\"";
				DEVELOPMENT_TEAM = 52PPJXD67Z;
				ENABLE_PREVIEWS = YES;
				GENERATE_INFOPLIST_FILE = YES;
				INFOPLIST_KEY_CFBundleDisplayName = "Project Profit";
				INFOPLIST_KEY_NSCameraUsageDescription = "レシート・請求書・領収書を撮影して取引を自動入力するためにカメラを使用します";
				INFOPLIST_KEY_NSPhotoLibraryUsageDescription = "レシート・請求書・領収書の画像を選択するためにフォトライブラリを使用します";
				INFOPLIST_KEY_UIApplicationSceneManifest_Generation = YES;
				INFOPLIST_KEY_UIApplicationSupportsIndirectInputEvents = YES;
				INFOPLIST_KEY_UILaunchScreen_Generation = YES;
				INFOPLIST_KEY_UISupportedInterfaceOrientations_iPhone = UIInterfaceOrientationPortrait;
				LD_RUNPATH_SEARCH_PATHS = (
					"$(inherited)",
					"@executable_path/Frameworks",
				);
				MARKETING_VERSION = 1.0.0;
				PRODUCT_BUNDLE_IDENTIFIER = com.projectprofit.ProjectProfit;
				SDKROOT = iphoneos;
				SUPPORTS_MACCATALYST = NO;
				SWIFT_VERSION = 5.0;
				TARGETED_DEVICE_FAMILY = 1;
			};
			name = Debug;
		};
		77345E88FF435A6C97609F8E /* Debug */ = {
			isa = XCBuildConfiguration;
			buildSettings = {
				ALWAYS_SEARCH_USER_PATHS = NO;
				CLANG_ANALYZER_NONNULL = YES;
				CLANG_ANALYZER_NUMBER_OBJECT_CONVERSION = YES_AGGRESSIVE;
				CLANG_CXX_LANGUAGE_STANDARD = "gnu++14";
				CLANG_CXX_LIBRARY = "libc++";
				CLANG_ENABLE_MODULES = YES;
				CLANG_ENABLE_OBJC_ARC = YES;
				CLANG_ENABLE_OBJC_WEAK = YES;
				CLANG_WARN_BLOCK_CAPTURE_AUTORELEASING = YES;
				CLANG_WARN_BOOL_CONVERSION = YES;
				CLANG_WARN_COMMA = YES;
				CLANG_WARN_CONSTANT_CONVERSION = YES;
				CLANG_WARN_DEPRECATED_OBJC_IMPLEMENTATIONS = YES;
				CLANG_WARN_DIRECT_OBJC_ISA_USAGE = YES_ERROR;
				CLANG_WARN_DOCUMENTATION_COMMENTS = YES;
				CLANG_WARN_EMPTY_BODY = YES;
				CLANG_WARN_ENUM_CONVERSION = YES;
				CLANG_WARN_INFINITE_RECURSION = YES;
				CLANG_WARN_INT_CONVERSION = YES;
				CLANG_WARN_NON_LITERAL_NULL_CONVERSION = YES;
				CLANG_WARN_OBJC_IMPLICIT_RETAIN_SELF = YES;
				CLANG_WARN_OBJC_LITERAL_CONVERSION = YES;
				CLANG_WARN_OBJC_ROOT_CLASS = YES_ERROR;
				CLANG_WARN_QUOTED_INCLUDE_IN_FRAMEWORK_HEADER = YES;
				CLANG_WARN_RANGE_LOOP_ANALYSIS = YES;
				CLANG_WARN_STRICT_PROTOTYPES = YES;
				CLANG_WARN_SUSPICIOUS_MOVE = YES;
				CLANG_WARN_UNGUARDED_AVAILABILITY = YES_AGGRESSIVE;
				CLANG_WARN_UNREACHABLE_CODE = YES;
				CLANG_WARN__DUPLICATE_METHOD_MATCH = YES;
				COPY_PHASE_STRIP = NO;
				DEBUG_INFORMATION_FORMAT = dwarf;
				ENABLE_STRICT_OBJC_MSGSEND = YES;
				ENABLE_TESTABILITY = YES;
				GCC_C_LANGUAGE_STANDARD = gnu11;
				GCC_DYNAMIC_NO_PIC = NO;
				GCC_NO_COMMON_BLOCKS = YES;
				GCC_OPTIMIZATION_LEVEL = 0;
				GCC_PREPROCESSOR_DEFINITIONS = (
					"$(inherited)",
					"DEBUG=1",
				);
				GCC_WARN_64_TO_32_BIT_CONVERSION = YES;
				GCC_WARN_ABOUT_RETURN_TYPE = YES_ERROR;
				GCC_WARN_UNDECLARED_SELECTOR = YES;
				GCC_WARN_UNINITIALIZED_AUTOS = YES_AGGRESSIVE;
				GCC_WARN_UNUSED_FUNCTION = YES;
				GCC_WARN_UNUSED_VARIABLE = YES;
				IPHONEOS_DEPLOYMENT_TARGET = 17.0;
				MTL_ENABLE_DEBUG_INFO = INCLUDE_SOURCE;
				MTL_FAST_MATH = YES;
				ONLY_ACTIVE_ARCH = YES;
				PRODUCT_NAME = "$(TARGET_NAME)";
				SDKROOT = iphoneos;
				SWIFT_ACTIVE_COMPILATION_CONDITIONS = DEBUG;
				SWIFT_OPTIMIZATION_LEVEL = "-Onone";
				SWIFT_VERSION = 5.0;
			};
			name = Debug;
		};
		BA013A1DE5DDA601C6871919 /* Release */ = {
			isa = XCBuildConfiguration;
			buildSettings = {
				ALWAYS_SEARCH_USER_PATHS = NO;
				CLANG_ANALYZER_NONNULL = YES;
				CLANG_ANALYZER_NUMBER_OBJECT_CONVERSION = YES_AGGRESSIVE;
				CLANG_CXX_LANGUAGE_STANDARD = "gnu++14";
				CLANG_CXX_LIBRARY = "libc++";
				CLANG_ENABLE_MODULES = YES;
				CLANG_ENABLE_OBJC_ARC = YES;
				CLANG_ENABLE_OBJC_WEAK = YES;
				CLANG_WARN_BLOCK_CAPTURE_AUTORELEASING = YES;
				CLANG_WARN_BOOL_CONVERSION = YES;
				CLANG_WARN_COMMA = YES;
				CLANG_WARN_CONSTANT_CONVERSION = YES;
				CLANG_WARN_DEPRECATED_OBJC_IMPLEMENTATIONS = YES;
				CLANG_WARN_DIRECT_OBJC_ISA_USAGE = YES_ERROR;
				CLANG_WARN_DOCUMENTATION_COMMENTS = YES;
				CLANG_WARN_EMPTY_BODY = YES;
				CLANG_WARN_ENUM_CONVERSION = YES;
				CLANG_WARN_INFINITE_RECURSION = YES;
				CLANG_WARN_INT_CONVERSION = YES;
				CLANG_WARN_NON_LITERAL_NULL_CONVERSION = YES;
				CLANG_WARN_OBJC_IMPLICIT_RETAIN_SELF = YES;
				CLANG_WARN_OBJC_LITERAL_CONVERSION = YES;
				CLANG_WARN_OBJC_ROOT_CLASS = YES_ERROR;
				CLANG_WARN_QUOTED_INCLUDE_IN_FRAMEWORK_HEADER = YES;
				CLANG_WARN_RANGE_LOOP_ANALYSIS = YES;
				CLANG_WARN_STRICT_PROTOTYPES = YES;
				CLANG_WARN_SUSPICIOUS_MOVE = YES;
				CLANG_WARN_UNGUARDED_AVAILABILITY = YES_AGGRESSIVE;
				CLANG_WARN_UNREACHABLE_CODE = YES;
				CLANG_WARN__DUPLICATE_METHOD_MATCH = YES;
				COPY_PHASE_STRIP = NO;
				DEBUG_INFORMATION_FORMAT = "dwarf-with-dsym";
				ENABLE_NS_ASSERTIONS = NO;
				ENABLE_STRICT_OBJC_MSGSEND = YES;
				GCC_C_LANGUAGE_STANDARD = gnu11;
				GCC_NO_COMMON_BLOCKS = YES;
				GCC_WARN_64_TO_32_BIT_CONVERSION = YES;
				GCC_WARN_ABOUT_RETURN_TYPE = YES_ERROR;
				GCC_WARN_UNDECLARED_SELECTOR = YES;
				GCC_WARN_UNINITIALIZED_AUTOS = YES_AGGRESSIVE;
				GCC_WARN_UNUSED_FUNCTION = YES;
				GCC_WARN_UNUSED_VARIABLE = YES;
				IPHONEOS_DEPLOYMENT_TARGET = 17.0;
				MTL_ENABLE_DEBUG_INFO = NO;
				MTL_FAST_MATH = YES;
				PRODUCT_NAME = "$(TARGET_NAME)";
				SDKROOT = iphoneos;
				SWIFT_COMPILATION_MODE = wholemodule;
				SWIFT_OPTIMIZATION_LEVEL = "-O";
				SWIFT_VERSION = 5.0;
			};
			name = Release;
		};
		C95C61096D044E7816C0CDAD /* Release */ = {
			isa = XCBuildConfiguration;
			buildSettings = {
				BUNDLE_LOADER = "$(TEST_HOST)";
				CODE_SIGN_STYLE = Automatic;
				DEVELOPMENT_TEAM = 52PPJXD67Z;
				GENERATE_INFOPLIST_FILE = YES;
				LD_RUNPATH_SEARCH_PATHS = (
					"$(inherited)",
					"@executable_path/Frameworks",
					"@loader_path/Frameworks",
				);
				PRODUCT_BUNDLE_IDENTIFIER = com.projectprofit.ProjectProfitTests;
				SDKROOT = iphoneos;
				SWIFT_VERSION = 5.0;
				TARGETED_DEVICE_FAMILY = "1,2";
				TEST_HOST = "$(BUILT_PRODUCTS_DIR)/ProjectProfit.app/$(BUNDLE_EXECUTABLE_FOLDER_PATH)/ProjectProfit";
			};
			name = Release;
		};
		E428725B7CAE1F458E2ED186 /* Release */ = {
			isa = XCBuildConfiguration;
			buildSettings = {
				ASSETCATALOG_COMPILER_APPICON_NAME = AppIcon;
				CODE_SIGN_IDENTITY = "iPhone Developer";
				CODE_SIGN_STYLE = Automatic;
				CURRENT_PROJECT_VERSION = 1;
				DEVELOPMENT_ASSET_PATHS = "\"ProjectProfit/Preview Content\"";
				DEVELOPMENT_TEAM = 52PPJXD67Z;
				ENABLE_PREVIEWS = YES;
				GENERATE_INFOPLIST_FILE = YES;
				INFOPLIST_KEY_CFBundleDisplayName = "Project Profit";
				INFOPLIST_KEY_NSCameraUsageDescription = "レシート・請求書・領収書を撮影して取引を自動入力するためにカメラを使用します";
				INFOPLIST_KEY_NSPhotoLibraryUsageDescription = "レシート・請求書・領収書の画像を選択するためにフォトライブラリを使用します";
				INFOPLIST_KEY_UIApplicationSceneManifest_Generation = YES;
				INFOPLIST_KEY_UIApplicationSupportsIndirectInputEvents = YES;
				INFOPLIST_KEY_UILaunchScreen_Generation = YES;
				INFOPLIST_KEY_UISupportedInterfaceOrientations_iPhone = UIInterfaceOrientationPortrait;
				LD_RUNPATH_SEARCH_PATHS = (
					"$(inherited)",
					"@executable_path/Frameworks",
				);
				MARKETING_VERSION = 1.0.0;
				PRODUCT_BUNDLE_IDENTIFIER = com.projectprofit.ProjectProfit;
				SDKROOT = iphoneos;
				SUPPORTS_MACCATALYST = NO;
				SWIFT_VERSION = 5.0;
				TARGETED_DEVICE_FAMILY = 1;
			};
			name = Release;
		};
		FE4F0C73E5C10F91D454718F /* Debug */ = {
			isa = XCBuildConfiguration;
			buildSettings = {
				BUNDLE_LOADER = "$(TEST_HOST)";
				CODE_SIGN_STYLE = Automatic;
				DEVELOPMENT_TEAM = 52PPJXD67Z;
				GENERATE_INFOPLIST_FILE = YES;
				LD_RUNPATH_SEARCH_PATHS = (
					"$(inherited)",
					"@executable_path/Frameworks",
					"@loader_path/Frameworks",
				);
				PRODUCT_BUNDLE_IDENTIFIER = com.projectprofit.ProjectProfitTests;
				SDKROOT = iphoneos;
				SWIFT_VERSION = 5.0;
				TARGETED_DEVICE_FAMILY = "1,2";
				TEST_HOST = "$(BUILT_PRODUCTS_DIR)/ProjectProfit.app/$(BUNDLE_EXECUTABLE_FOLDER_PATH)/ProjectProfit";
			};
			name = Debug;
		};
/* End XCBuildConfiguration section */

/* Begin XCConfigurationList section */
		52D3B5AC8708925D369A7D6A /* Build configuration list for PBXNativeTarget "ProjectProfit" */ = {
			isa = XCConfigurationList;
			buildConfigurations = (
				6FC4687C4E8C5FD0BD5B619E /* Debug */,
				E428725B7CAE1F458E2ED186 /* Release */,
			);
			defaultConfigurationIsVisible = 0;
			defaultConfigurationName = Debug;
		};
		799C09523F6D50068D64BE56 /* Build configuration list for PBXProject "ProjectProfit" */ = {
			isa = XCConfigurationList;
			buildConfigurations = (
				77345E88FF435A6C97609F8E /* Debug */,
				BA013A1DE5DDA601C6871919 /* Release */,
			);
			defaultConfigurationIsVisible = 0;
			defaultConfigurationName = Debug;
		};
		E154D890BB879A9B74148D16 /* Build configuration list for PBXNativeTarget "ProjectProfitTests" */ = {
			isa = XCConfigurationList;
			buildConfigurations = (
				FE4F0C73E5C10F91D454718F /* Debug */,
				C95C61096D044E7816C0CDAD /* Release */,
			);
			defaultConfigurationIsVisible = 0;
			defaultConfigurationName = Debug;
		};
/* End XCConfigurationList section */
	};
	rootObject = B57DFC77CA54255F00E8E08F /* Project object */;
}
